
Microsoft Visual Studio Solution File, Format Version 12.00
# Visual Studio 15
VisualStudioVersion = 15.0.28010.2046
MinimumVisualStudioVersion = 10.0.40219.1
Project("{8BC9CEB8-8B4A-11D0-8D11-00A0C91BC942}") = "001_Sum_of_naturals_divisible_by_3_and_5", "001_Sum_of_naturals_divisible_by_3_and_5\001_Sum_of_naturals_divisible_by_3_and_5.vcxproj", "{3D22C4E0-F58A-497D-BCE7-B1ACCA359DF0}"
EndProject
Project("{8BC9CEB8-8B4A-11D0-8D11-00A0C91BC942}") = "002_Greatest_common_divisor", "002_Greatest_common_divisor\002_Greatest_common_divisor.vcxproj", "{BA6C361A-5984-4142-838C-D65D003A1E8D}"
EndProject
Project("{8BC9CEB8-8B4A-11D0-8D11-00A0C91BC942}") = "003_Least_common_multiple", "003_Least_common_multiple\003_Least_common_multiple.vcxproj", "{9DBE1332-7781-4C72-9AF7-42DA91C44638}"
EndProject
Project("{8BC9CEB8-8B4A-11D0-8D11-00A0C91BC942}") = "004_Largest_prime_smaller_than_given_mumber", "004_Largest_prime_smaller_than_given_mumber\004_Largest_prime_smaller_than_given_mumber.vcxproj", "{19D35DB6-5DC4-46DD-B5EA-919542BAEB47}"
EndProject
Project("{8BC9CEB8-8B4A-11D0-8D11-00A0C91BC942}") = "005_Sexy_prime_pairs", "005_Sexy_prime_pairs\005_Sexy_prime_pairs.vcxproj", "{519BF910-472C-4196-92E3-2DC337BCCDD1}"
EndProject
Project("{8BC9CEB8-8B4A-11D0-8D11-00A0C91BC942}") = "006_Abundant_numbers", "006_Abundant_numbers\006_Abundant_numbers.vcxproj", "{57A24BED-2E37-4699-B3AD-27F7D71372D4}"
EndProject
Project("{8BC9CEB8-8B4A-11D0-8D11-00A0C91BC942}") = "007_Amicable_numbers", "007_Amicable_numbers\007_Amicable_numbers.vcxproj", "{AD72664B-6899-47F6-8590-AF52ED31C225}"
EndProject
Project("{8BC9CEB8-8B4A-11D0-8D11-00A0C91BC942}") = "008_Armstrong_numbers", "008_Armstrong_numbers\008_Armstrong_numbers.vcxproj", "{6F688940-93FE-4BAA-89B3-3EE79A48868A}"
EndProject
Project("{8BC9CEB8-8B4A-11D0-8D11-00A0C91BC942}") = "009_Prime_factors_of_a_number", "009_Prime_factors_of_a_number\009_Prime_factors_of_a_number.vcxproj", "{8D2ABD18-3A62-47D4-928D-CED45E376CA9}"
EndProject
Project("{8BC9CEB8-8B4A-11D0-8D11-00A0C91BC942}") = "010_Gray_code", "010_Gray_code\010_Gray_code.vcxproj", "{08A294F2-52AA-43E9-9FE4-8061B3679FF2}"
EndProject
Project("{8BC9CEB8-8B4A-11D0-8D11-00A0C91BC942}") = "011_Converting_numerical_values_to_Roman", "011_Converting_numerical_values_to_Roman\011_Converting_numerical_values_to_Roman.vcxproj", "{6ED6458A-9568-438F-95C8-FC16F1598A2D}"
EndProject
Project("{8BC9CEB8-8B4A-11D0-8D11-00A0C91BC942}") = "012_Largest_Collatz_sequence", "012_Largest_Collatz_sequence\012_Largest_Collatz_sequence.vcxproj", "{70292789-3728-4F25-BFCD-443FA0880C16}"
EndProject
Project("{8BC9CEB8-8B4A-11D0-8D11-00A0C91BC942}") = "013_Computing_the_value_of_Pi", "013_Computing_the_value_of_Pi\013_Computing_the_value_of_Pi.vcxproj", "{795D7C83-88A6-4070-96F7-E6DA7FBC8CA6}"
EndProject
Project("{8BC9CEB8-8B4A-11D0-8D11-00A0C91BC942}") = "014_Validating_ISBNs", "014_Validating_ISBNs\014_Validating_ISBNs.vcxproj", "{9CF863C9-B248-4499-A110-CFF9B47C4AD7}"
EndProject
Project("{8BC9CEB8-8B4A-11D0-8D11-00A0C91BC942}") = "017_Creating_a_2D_array_with_basic_operations", "017_Creating_a_2D_array_with_basic_operations\017_Creating_a_2D_array_with_basic_operations.vcxproj", "{4235B56C-EA78-40F7-BCD7-BB9BB5989734}"
EndProject
Project("{8BC9CEB8-8B4A-11D0-8D11-00A0C91BC942}") = "016_Enumerating_IPv4_addresses_in_a_range", "016_Enumerating_IPv4_addresses_in_a_range\016_Enumerating_IPv4_addresses_in_a_range.vcxproj", "{B8FA0AC2-B8AE-4939-8A78-D07A652C4AD3}"
EndProject
Project("{8BC9CEB8-8B4A-11D0-8D11-00A0C91BC942}") = "018_Minimum_function_with_any_number_of_arguments", "018_Minimum_function_with_any_number_of_arguments\018_Minimum_function_with_any_number_of_arguments.vcxproj", "{8CE6DF8E-1583-46B9-82C2-35F0434DAA54}"
EndProject
Project("{8BC9CEB8-8B4A-11D0-8D11-00A0C91BC942}") = "019_Adding_a_range_of_values_to_a_container", "019_Adding_a_range_of_values_to_a_container\019_Adding_a_range_of_values_to_a_container.vcxproj", "{C328C934-5BAA-42D5-A8D4-4C88A0E7551A}"
EndProject
Project("{8BC9CEB8-8B4A-11D0-8D11-00A0C91BC942}") = "020_Container_any,_all,_none", "020_Container_any,_all,_none\020_Container_any,_all,_none.vcxproj", "{E3F3BF68-9675-428C-95E0-D4428D850136}"
EndProject
Project("{8BC9CEB8-8B4A-11D0-8D11-00A0C91BC942}") = "015_IPv4_data_type", "015_IPv4_data_type\015_IPv4_data_type.vcxproj", "{D1D2DA78-F695-4E92-92CF-C75181F4A4DC}"
EndProject
Project("{8BC9CEB8-8B4A-11D0-8D11-00A0C91BC942}") = "023_Binary_to_string_conversion", "023_Binary_to_string_conversion\023_Binary_to_string_conversion.vcxproj", "{C78F4EC7-9952-47C0-BAD3-47F220ECD82E}"
EndProject
Project("{8BC9CEB8-8B4A-11D0-8D11-00A0C91BC942}") = "024_String_to_binary_conversion", "024_String_to_binary_conversion\024_String_to_binary_conversion.vcxproj", "{87FFF8A0-769E-4DE0-A993-FD0A29626388}"
EndProject
Project("{8BC9CEB8-8B4A-11D0-8D11-00A0C91BC942}") = "025_Capitalizing_an_article_title", "025_Capitalizing_an_article_title\025_Capitalizing_an_article_title.vcxproj", "{201F4185-B7E7-4011-BCA6-B68008C62260}"
EndProject
Project("{8BC9CEB8-8B4A-11D0-8D11-00A0C91BC942}") = "026_Joining_strings_together_separated_by_a_delimiter", "026_Joining_strings_together_separated_by_a_delimiter\026_Joining_strings_together_separated_by_a_delimiter.vcxproj", "{0E3740A2-B8DD-4DD2-89AE-09DBBED1A1E9}"
EndProject
Project("{8BC9CEB8-8B4A-11D0-8D11-00A0C91BC942}") = "029_License_plate_validation", "029_License_plate_validation\029_License_plate_validation.vcxproj", "{652A12AD-5429-4BF7-8B2C-DB387E1AF88C}"
EndProject
Project("{8BC9CEB8-8B4A-11D0-8D11-00A0C91BC942}") = "027_Splitting_a_string_into_tokens", "027_Splitting_a_string_into_tokens\027_Splitting_a_string_into_tokens.vcxproj", "{B9637DF1-8507-4D8D-9752-96057349BA75}"
EndProject
Project("{8BC9CEB8-8B4A-11D0-8D11-00A0C91BC942}") = "028_Longest_palindromic_substring", "028_Longest_palindromic_substring\028_Longest_palindromic_substring.vcxproj", "{5D02A4A0-C1DF-4050-ADBE-173223A4762C}"
EndProject
Project("{8BC9CEB8-8B4A-11D0-8D11-00A0C91BC942}") = "030_Extracting_URL_parts", "030_Extracting_URL_parts\030_Extracting_URL_parts.vcxproj", "{BCCDE91F-A9BA-43E4-86A4-EB791ABC10EF}"
EndProject
Project("{8BC9CEB8-8B4A-11D0-8D11-00A0C91BC942}") = "031_Transforming_dates_in_strings", "031_Transforming_dates_in_strings\031_Transforming_dates_in_strings.vcxproj", "{0535EB95-0FBA-4F76-8A80-1D48589A83D4}"
EndProject
Project("{8BC9CEB8-8B4A-11D0-8D11-00A0C91BC942}") = "022_Literals_of_various_temperature", "022_Literals_of_various_temperature\022_Literals_of_various_temperature.vcxproj", "{4CE3DC9E-AC65-4683-9155-AED107E6A0BB}"
EndProject
Project("{8BC9CEB8-8B4A-11D0-8D11-00A0C91BC942}") = "021_System_handle_wrapper", "021_System_handle_wrapper\021_System_handle_wrapper.vcxproj", "{05604990-28F7-4A28-96CD-A3D2A6DB65B7}"
EndProject
Project("{8BC9CEB8-8B4A-11D0-8D11-00A0C91BC942}") = "032_Pascal's_triangle", "032_Pascal's_triangle\032_Pascal's_triangle.vcxproj", "{F10D3199-BF16-4ECC-822F-990E7E495453}"
EndProject
Project("{8BC9CEB8-8B4A-11D0-8D11-00A0C91BC942}") = "033_Tabular_printing_of_a_list_of_proc", "033_Tabular_printing_of_a_list_of_proc\033_Tabular_printing_of_a_list_of_proc.vcxproj", "{C448A602-F489-44FF-9621-AD224A8D5FD7}"
EndProject
Project("{8BC9CEB8-8B4A-11D0-8D11-00A0C91BC942}") = "034_Removing_empty_lines", "034_Removing_empty_lines\034_Removing_empty_lines.vcxproj", "{60CA04F1-3A6F-4B18-9641-6A31314027D6}"
EndProject
Project("{8BC9CEB8-8B4A-11D0-8D11-00A0C91BC942}") = "035_Computing_the_size_of_a_directory", "035_Computing_the_size_of_a_directory\035_Computing_the_size_of_a_directory.vcxproj", "{601DFC77-821E-4E09-9A98-7955DEEDD148}"
EndProject
Project("{8BC9CEB8-8B4A-11D0-8D11-00A0C91BC942}") = "036_Deleting_files_older_than_a_given", "036_Deleting_files_older_than_a_given\036_Deleting_files_older_than_a_given.vcxproj", "{34A86037-2FE8-4C37-BC25-D106CF65EA65}"
EndProject
Project("{8BC9CEB8-8B4A-11D0-8D11-00A0C91BC942}") = "037_Finding_files_in_a_directory_that", "037_Finding_files_in_a_directory_that\037_Finding_files_in_a_directory_that.vcxproj", "{7E8F0EAF-F876-40E2-AF09-CAB9AC51B469}"
EndProject
Project("{8BC9CEB8-8B4A-11D0-8D11-00A0C91BC942}") = "038_Temporary_log_files", "038_Temporary_log_files\038_Temporary_log_files.vcxproj", "{AF2116E7-C71C-4391-A14E-6FAB3D5ECF99}"
EndProject
Project("{8BC9CEB8-8B4A-11D0-8D11-00A0C91BC942}") = "039_Measuring_function_execution_time", "039_Measuring_function_execution_time\039_Measuring_function_execution_time.vcxproj", "{2101BE22-41AE-4EFB-B867-42D7075A26FE}"
EndProject
Project("{8BC9CEB8-8B4A-11D0-8D11-00A0C91BC942}") = "040_Number_of_days_between_two_dates", "040_Number_of_days_between_two_dates\040_Number_of_days_between_two_dates.vcxproj", "{D26B2B5A-7A12-4D33-92FD-7DB84A8A6EA6}"
EndProject
Project("{8BC9CEB8-8B4A-11D0-8D11-00A0C91BC942}") = "041_Day_of_the_week", "041_Day_of_the_week\041_Day_of_the_week.vcxproj", "{6AFDB54C-D544-4FB8-8CB1-5D3DFD33E80D}"
EndProject
Project("{8BC9CEB8-8B4A-11D0-8D11-00A0C91BC942}") = "042_Day_and_week_of_the_year", "042_Day_and_week_of_the_year\042_Day_and_week_of_the_year.vcxproj", "{67AC898B-0732-4868-BB29-DFEABD109B64}"
EndProject
Project("{8BC9CEB8-8B4A-11D0-8D11-00A0C91BC942}") = "043_Meeting_time_for_multiple_time_zones", "043_Meeting_time_for_multiple_time_zones\043_Meeting_time_for_multiple_time_zones.vcxproj", "{691BBDF4-A978-4EDE-9502-18FB541757A3}"
EndProject
Project("{8BC9CEB8-8B4A-11D0-8D11-00A0C91BC942}") = "044_Monthly_calendar", "044_Monthly_calendar\044_Monthly_calendar.vcxproj", "{85E27D58-7455-4DCA-98E6-BEFC7CCC2D4A}"
EndProject
Project("{8BC9CEB8-8B4A-11D0-8D11-00A0C91BC942}") = "045_Priority_queue", "045_Priority_queue\045_Priority_queue.vcxproj", "{FE4B63FE-9919-4E94-B511-DD61BF36BF84}"
EndProject
Project("{8BC9CEB8-8B4A-11D0-8D11-00A0C91BC942}") = "046_Circular_buffer", "046_Circular_buffer\046_Circular_buffer.vcxproj", "{F5560D93-F582-482D-919C-156450DB807B}"
EndProject
Project("{8BC9CEB8-8B4A-11D0-8D11-00A0C91BC942}") = "047_Double_buffer", "047_Double_buffer\047_Double_buffer.vcxproj", "{6AA3D25B-8CCC-4CDA-8250-8393D641FB43}"
EndProject
Project("{8BC9CEB8-8B4A-11D0-8D11-00A0C91BC942}") = "048_The_most_frequent_element_in_a_range", "048_The_most_frequent_element_in_a_range\048_The_most_frequent_element_in_a_range.vcxproj", "{3148E726-0909-4A5A-B78F-EF9ECCA99987}"
EndProject
Project("{8BC9CEB8-8B4A-11D0-8D11-00A0C91BC942}") = "049_Text_histogram", "049_Text_histogram\049_Text_histogram.vcxproj", "{E593E10D-9033-4A86-820D-14D719ABF57E}"
EndProject
Project("{8BC9CEB8-8B4A-11D0-8D11-00A0C91BC942}") = "050_Filtering_a_list_of_phone_numbers", "050_Filtering_a_list_of_phone_numbers\050_Filtering_a_list_of_phone_numbers.vcxproj", "{B6ACD1AE-CAA3-49E1-ACA8-F41D1B85F9FF}"
EndProject
Project("{8BC9CEB8-8B4A-11D0-8D11-00A0C91BC942}") = "051_Transforming_a_list_of_phone_numbers", "051_Transforming_a_list_of_phone_numbers\051_Transforming_a_list_of_phone_numbers.vcxproj", "{5A346AE9-5BD1-4D0B-8361-4EE7567AE68D}"
EndProject
Project("{8BC9CEB8-8B4A-11D0-8D11-00A0C91BC942}") = "052_Generating_all_the_permutations", "052_Generating_all_the_permutations\052_Generating_all_the_permutations.vcxproj", "{3975B9B0-D6D4-4A52-8205-541EB58C7CDD}"
EndProject
Project("{8BC9CEB8-8B4A-11D0-8D11-00A0C91BC942}") = "053_Average_rating_of_movies", "053_Average_rating_of_movies\053_Average_rating_of_movies.vcxproj", "{E6404F8E-FDF3-423F-AAC1-59EE301F60B1}"
EndProject
Project("{8BC9CEB8-8B4A-11D0-8D11-00A0C91BC942}") = "054_Pairwise_algorithm", "054_Pairwise_algorithm\054_Pairwise_algorithm.vcxproj", "{FBA927B0-7EA0-41D3-930C-C0953B0A8B3D}"
EndProject
Project("{8BC9CEB8-8B4A-11D0-8D11-00A0C91BC942}") = "055_Zip_algorithm", "055_Zip_algorithm\055_Zip_algorithm.vcxproj", "{22B26721-8E75-45B2-A76D-C54C5EB10115}"
EndProject
Project("{8BC9CEB8-8B4A-11D0-8D11-00A0C91BC942}") = "056_Select_algorithm", "056_Select_algorithm\056_Select_algorithm.vcxproj", "{A54230FE-13E8-4179-A52A-A374C2BFA1E5}"
EndProject
Project("{8BC9CEB8-8B4A-11D0-8D11-00A0C91BC942}") = "057_Sort_algorithm", "057_Sort_algorithm\057_Sort_algorithm.vcxproj", "{0F8F06E8-4D23-4DD4-B6E7-15526F276B20}"
EndProject
Project("{8BC9CEB8-8B4A-11D0-8D11-00A0C91BC942}") = "058_The_shortest_path_between_nodes", "058_The_shortest_path_between_nodes\058_The_shortest_path_between_nodes.vcxproj", "{5F271DB4-F7D1-4041-838A-67F465C4652D}"
EndProject
Project("{8BC9CEB8-8B4A-11D0-8D11-00A0C91BC942}") = "059_The_Weasel_program", "059_The_Weasel_program\059_The_Weasel_program.vcxproj", "{D0278F70-D60D-48CA-A9AB-1FC77F3142A6}"
EndProject
Project("{8BC9CEB8-8B4A-11D0-8D11-00A0C91BC942}") = "060_The_Game_of_Life", "060_The_Game_of_Life\060_The_Game_of_Life.vcxproj", "{4D1C44FB-E3AE-4A62-90B8-34D5D29B2C56}"
EndProject
Project("{8BC9CEB8-8B4A-11D0-8D11-00A0C91BC942}") = "061_Parallel_transform_algorithm", "061_Parallel_transform_algorithm\061_Parallel_transform_algorithm.vcxproj", "{E7F92556-4B15-4EB0-B653-715E20F2C3BE}"
EndProject
Project("{8BC9CEB8-8B4A-11D0-8D11-00A0C91BC942}") = "062_Parallel_min_and_max_element", "062_Parallel_min_and_max_element\062_Parallel_min_and_max_element.vcxproj", "{5946C85F-653B-46C5-A8CA-59626F421152}"
EndProject
Project("{8BC9CEB8-8B4A-11D0-8D11-00A0C91BC942}") = "063_Parallel_min_and_max_element", "063_Parallel_min_and_max_element\063_Parallel_min_and_max_element.vcxproj", "{FA8C7D5F-7966-4A01-A57B-E00BD18D3F59}"
EndProject
Project("{8BC9CEB8-8B4A-11D0-8D11-00A0C91BC942}") = "064_Parallel_sort_algorithm", "064_Parallel_sort_algorithm\064_Parallel_sort_algorithm.vcxproj", "{0C90EF57-C52E-42FB-9C08-C1553B7199BD}"
EndProject
Project("{8BC9CEB8-8B4A-11D0-8D11-00A0C91BC942}") = "065_Thread-safe_logging_to_the_console", "065_Thread-safe_logging_to_the_console\065_Thread-safe_logging_to_the_console.vcxproj", "{6858DAA6-9CCC-4A09-8D02-BF40E2A4B991}"
EndProject
Project("{8BC9CEB8-8B4A-11D0-8D11-00A0C91BC942}") = "066_Customer_service_system", "066_Customer_service_system\066_Customer_service_system.vcxproj", "{63F98401-AF4B-4CA0-B910-45D152E82C61}"
EndProject
Project("{8BC9CEB8-8B4A-11D0-8D11-00A0C91BC942}") = "067_Validating_passwords", "067_Validating_passwords\067_Validating_passwords.vcxproj", "{2270F982-B996-4C37-BB7C-A1A2E2A5F009}"
EndProject
Project("{8BC9CEB8-8B4A-11D0-8D11-00A0C91BC942}") = "068_Generating_random_passwords", "068_Generating_random_passwords\068_Generating_random_passwords.vcxproj", "{21030C64-5119-44F6-824F-797109C272E0}"
EndProject
Project("{8BC9CEB8-8B4A-11D0-8D11-00A0C91BC942}") = "069_Generating_social_security_numbers", "069_Generating_social_security_numbers\069_Generating_social_security_numbers.vcxproj", "{88CABDE5-30C2-4567-B21E-7F8146A205BD}"
EndProject
Project("{8BC9CEB8-8B4A-11D0-8D11-00A0C91BC942}") = "070_Approval_system", "070_Approval_system\070_Approval_system.vcxproj", "{1AD51013-5DAA-4C68-8026-B66372C7AFC1}"
EndProject
Project("{8BC9CEB8-8B4A-11D0-8D11-00A0C91BC942}") = "071_Observable_vector_container", "071_Observable_vector_container\071_Observable_vector_container.vcxproj", "{9B2924E1-7908-4EE0-A7FC-159B4B76AF3A}"
EndProject
Project("{8BC9CEB8-8B4A-11D0-8D11-00A0C91BC942}") = "072_Computing_order_price_with_discounts", "072_Computing_order_price_with_discounts\072_Computing_order_price_with_discounts.vcxproj", "{3DC2FDAC-DB66-425F-94C7-76D07D0CEBF1}"
EndProject
Global
	GlobalSection(SolutionConfigurationPlatforms) = preSolution
		Debug|x64 = Debug|x64
		Debug|x86 = Debug|x86
		Release|x64 = Release|x64
		Release|x86 = Release|x86
	EndGlobalSection
	GlobalSection(ProjectConfigurationPlatforms) = postSolution
		{3D22C4E0-F58A-497D-BCE7-B1ACCA359DF0}.Debug|x64.ActiveCfg = Debug|x64
		{3D22C4E0-F58A-497D-BCE7-B1ACCA359DF0}.Debug|x64.Build.0 = Debug|x64
		{3D22C4E0-F58A-497D-BCE7-B1ACCA359DF0}.Debug|x86.ActiveCfg = Debug|Win32
		{3D22C4E0-F58A-497D-BCE7-B1ACCA359DF0}.Debug|x86.Build.0 = Debug|Win32
		{3D22C4E0-F58A-497D-BCE7-B1ACCA359DF0}.Release|x64.ActiveCfg = Release|x64
		{3D22C4E0-F58A-497D-BCE7-B1ACCA359DF0}.Release|x64.Build.0 = Release|x64
		{3D22C4E0-F58A-497D-BCE7-B1ACCA359DF0}.Release|x86.ActiveCfg = Release|Win32
		{3D22C4E0-F58A-497D-BCE7-B1ACCA359DF0}.Release|x86.Build.0 = Release|Win32
		{BA6C361A-5984-4142-838C-D65D003A1E8D}.Debug|x64.ActiveCfg = Debug|x64
		{BA6C361A-5984-4142-838C-D65D003A1E8D}.Debug|x64.Build.0 = Debug|x64
		{BA6C361A-5984-4142-838C-D65D003A1E8D}.Debug|x86.ActiveCfg = Debug|Win32
		{BA6C361A-5984-4142-838C-D65D003A1E8D}.Debug|x86.Build.0 = Debug|Win32
		{BA6C361A-5984-4142-838C-D65D003A1E8D}.Release|x64.ActiveCfg = Release|x64
		{BA6C361A-5984-4142-838C-D65D003A1E8D}.Release|x64.Build.0 = Release|x64
		{BA6C361A-5984-4142-838C-D65D003A1E8D}.Release|x86.ActiveCfg = Release|Win32
		{BA6C361A-5984-4142-838C-D65D003A1E8D}.Release|x86.Build.0 = Release|Win32
		{9DBE1332-7781-4C72-9AF7-42DA91C44638}.Debug|x64.ActiveCfg = Debug|x64
		{9DBE1332-7781-4C72-9AF7-42DA91C44638}.Debug|x64.Build.0 = Debug|x64
		{9DBE1332-7781-4C72-9AF7-42DA91C44638}.Debug|x86.ActiveCfg = Debug|Win32
		{9DBE1332-7781-4C72-9AF7-42DA91C44638}.Debug|x86.Build.0 = Debug|Win32
		{9DBE1332-7781-4C72-9AF7-42DA91C44638}.Release|x64.ActiveCfg = Release|x64
		{9DBE1332-7781-4C72-9AF7-42DA91C44638}.Release|x64.Build.0 = Release|x64
		{9DBE1332-7781-4C72-9AF7-42DA91C44638}.Release|x86.ActiveCfg = Release|Win32
		{9DBE1332-7781-4C72-9AF7-42DA91C44638}.Release|x86.Build.0 = Release|Win32
		{19D35DB6-5DC4-46DD-B5EA-919542BAEB47}.Debug|x64.ActiveCfg = Debug|x64
		{19D35DB6-5DC4-46DD-B5EA-919542BAEB47}.Debug|x64.Build.0 = Debug|x64
		{19D35DB6-5DC4-46DD-B5EA-919542BAEB47}.Debug|x86.ActiveCfg = Debug|Win32
		{19D35DB6-5DC4-46DD-B5EA-919542BAEB47}.Debug|x86.Build.0 = Debug|Win32
		{19D35DB6-5DC4-46DD-B5EA-919542BAEB47}.Release|x64.ActiveCfg = Release|x64
		{19D35DB6-5DC4-46DD-B5EA-919542BAEB47}.Release|x64.Build.0 = Release|x64
		{19D35DB6-5DC4-46DD-B5EA-919542BAEB47}.Release|x86.ActiveCfg = Release|Win32
		{19D35DB6-5DC4-46DD-B5EA-919542BAEB47}.Release|x86.Build.0 = Release|Win32
		{519BF910-472C-4196-92E3-2DC337BCCDD1}.Debug|x64.ActiveCfg = Debug|x64
		{519BF910-472C-4196-92E3-2DC337BCCDD1}.Debug|x64.Build.0 = Debug|x64
		{519BF910-472C-4196-92E3-2DC337BCCDD1}.Debug|x86.ActiveCfg = Debug|Win32
		{519BF910-472C-4196-92E3-2DC337BCCDD1}.Debug|x86.Build.0 = Debug|Win32
		{519BF910-472C-4196-92E3-2DC337BCCDD1}.Release|x64.ActiveCfg = Release|x64
		{519BF910-472C-4196-92E3-2DC337BCCDD1}.Release|x64.Build.0 = Release|x64
		{519BF910-472C-4196-92E3-2DC337BCCDD1}.Release|x86.ActiveCfg = Release|Win32
		{519BF910-472C-4196-92E3-2DC337BCCDD1}.Release|x86.Build.0 = Release|Win32
		{57A24BED-2E37-4699-B3AD-27F7D71372D4}.Debug|x64.ActiveCfg = Debug|x64
		{57A24BED-2E37-4699-B3AD-27F7D71372D4}.Debug|x64.Build.0 = Debug|x64
		{57A24BED-2E37-4699-B3AD-27F7D71372D4}.Debug|x86.ActiveCfg = Debug|Win32
		{57A24BED-2E37-4699-B3AD-27F7D71372D4}.Debug|x86.Build.0 = Debug|Win32
		{57A24BED-2E37-4699-B3AD-27F7D71372D4}.Release|x64.ActiveCfg = Release|x64
		{57A24BED-2E37-4699-B3AD-27F7D71372D4}.Release|x64.Build.0 = Release|x64
		{57A24BED-2E37-4699-B3AD-27F7D71372D4}.Release|x86.ActiveCfg = Release|Win32
		{57A24BED-2E37-4699-B3AD-27F7D71372D4}.Release|x86.Build.0 = Release|Win32
		{AD72664B-6899-47F6-8590-AF52ED31C225}.Debug|x64.ActiveCfg = Debug|x64
		{AD72664B-6899-47F6-8590-AF52ED31C225}.Debug|x64.Build.0 = Debug|x64
		{AD72664B-6899-47F6-8590-AF52ED31C225}.Debug|x86.ActiveCfg = Debug|Win32
		{AD72664B-6899-47F6-8590-AF52ED31C225}.Debug|x86.Build.0 = Debug|Win32
		{AD72664B-6899-47F6-8590-AF52ED31C225}.Release|x64.ActiveCfg = Release|x64
		{AD72664B-6899-47F6-8590-AF52ED31C225}.Release|x64.Build.0 = Release|x64
		{AD72664B-6899-47F6-8590-AF52ED31C225}.Release|x86.ActiveCfg = Release|Win32
		{AD72664B-6899-47F6-8590-AF52ED31C225}.Release|x86.Build.0 = Release|Win32
		{6F688940-93FE-4BAA-89B3-3EE79A48868A}.Debug|x64.ActiveCfg = Debug|x64
		{6F688940-93FE-4BAA-89B3-3EE79A48868A}.Debug|x64.Build.0 = Debug|x64
		{6F688940-93FE-4BAA-89B3-3EE79A48868A}.Debug|x86.ActiveCfg = Debug|Win32
		{6F688940-93FE-4BAA-89B3-3EE79A48868A}.Debug|x86.Build.0 = Debug|Win32
		{6F688940-93FE-4BAA-89B3-3EE79A48868A}.Release|x64.ActiveCfg = Release|x64
		{6F688940-93FE-4BAA-89B3-3EE79A48868A}.Release|x64.Build.0 = Release|x64
		{6F688940-93FE-4BAA-89B3-3EE79A48868A}.Release|x86.ActiveCfg = Release|Win32
		{6F688940-93FE-4BAA-89B3-3EE79A48868A}.Release|x86.Build.0 = Release|Win32
		{8D2ABD18-3A62-47D4-928D-CED45E376CA9}.Debug|x64.ActiveCfg = Debug|x64
		{8D2ABD18-3A62-47D4-928D-CED45E376CA9}.Debug|x64.Build.0 = Debug|x64
		{8D2ABD18-3A62-47D4-928D-CED45E376CA9}.Debug|x86.ActiveCfg = Debug|Win32
		{8D2ABD18-3A62-47D4-928D-CED45E376CA9}.Debug|x86.Build.0 = Debug|Win32
		{8D2ABD18-3A62-47D4-928D-CED45E376CA9}.Release|x64.ActiveCfg = Release|x64
		{8D2ABD18-3A62-47D4-928D-CED45E376CA9}.Release|x64.Build.0 = Release|x64
		{8D2ABD18-3A62-47D4-928D-CED45E376CA9}.Release|x86.ActiveCfg = Release|Win32
		{8D2ABD18-3A62-47D4-928D-CED45E376CA9}.Release|x86.Build.0 = Release|Win32
		{08A294F2-52AA-43E9-9FE4-8061B3679FF2}.Debug|x64.ActiveCfg = Debug|x64
		{08A294F2-52AA-43E9-9FE4-8061B3679FF2}.Debug|x64.Build.0 = Debug|x64
		{08A294F2-52AA-43E9-9FE4-8061B3679FF2}.Debug|x86.ActiveCfg = Debug|Win32
		{08A294F2-52AA-43E9-9FE4-8061B3679FF2}.Debug|x86.Build.0 = Debug|Win32
		{08A294F2-52AA-43E9-9FE4-8061B3679FF2}.Release|x64.ActiveCfg = Release|x64
		{08A294F2-52AA-43E9-9FE4-8061B3679FF2}.Release|x64.Build.0 = Release|x64
		{08A294F2-52AA-43E9-9FE4-8061B3679FF2}.Release|x86.ActiveCfg = Release|Win32
		{08A294F2-52AA-43E9-9FE4-8061B3679FF2}.Release|x86.Build.0 = Release|Win32
		{6ED6458A-9568-438F-95C8-FC16F1598A2D}.Debug|x64.ActiveCfg = Debug|x64
		{6ED6458A-9568-438F-95C8-FC16F1598A2D}.Debug|x64.Build.0 = Debug|x64
		{6ED6458A-9568-438F-95C8-FC16F1598A2D}.Debug|x86.ActiveCfg = Debug|Win32
		{6ED6458A-9568-438F-95C8-FC16F1598A2D}.Debug|x86.Build.0 = Debug|Win32
		{6ED6458A-9568-438F-95C8-FC16F1598A2D}.Release|x64.ActiveCfg = Release|x64
		{6ED6458A-9568-438F-95C8-FC16F1598A2D}.Release|x64.Build.0 = Release|x64
		{6ED6458A-9568-438F-95C8-FC16F1598A2D}.Release|x86.ActiveCfg = Release|Win32
		{6ED6458A-9568-438F-95C8-FC16F1598A2D}.Release|x86.Build.0 = Release|Win32
		{70292789-3728-4F25-BFCD-443FA0880C16}.Debug|x64.ActiveCfg = Debug|x64
		{70292789-3728-4F25-BFCD-443FA0880C16}.Debug|x64.Build.0 = Debug|x64
		{70292789-3728-4F25-BFCD-443FA0880C16}.Debug|x86.ActiveCfg = Debug|Win32
		{70292789-3728-4F25-BFCD-443FA0880C16}.Debug|x86.Build.0 = Debug|Win32
		{70292789-3728-4F25-BFCD-443FA0880C16}.Release|x64.ActiveCfg = Release|x64
		{70292789-3728-4F25-BFCD-443FA0880C16}.Release|x64.Build.0 = Release|x64
		{70292789-3728-4F25-BFCD-443FA0880C16}.Release|x86.ActiveCfg = Release|Win32
		{70292789-3728-4F25-BFCD-443FA0880C16}.Release|x86.Build.0 = Release|Win32
		{795D7C83-88A6-4070-96F7-E6DA7FBC8CA6}.Debug|x64.ActiveCfg = Debug|x64
		{795D7C83-88A6-4070-96F7-E6DA7FBC8CA6}.Debug|x64.Build.0 = Debug|x64
		{795D7C83-88A6-4070-96F7-E6DA7FBC8CA6}.Debug|x86.ActiveCfg = Debug|Win32
		{795D7C83-88A6-4070-96F7-E6DA7FBC8CA6}.Debug|x86.Build.0 = Debug|Win32
		{795D7C83-88A6-4070-96F7-E6DA7FBC8CA6}.Release|x64.ActiveCfg = Release|x64
		{795D7C83-88A6-4070-96F7-E6DA7FBC8CA6}.Release|x64.Build.0 = Release|x64
		{795D7C83-88A6-4070-96F7-E6DA7FBC8CA6}.Release|x86.ActiveCfg = Release|Win32
		{795D7C83-88A6-4070-96F7-E6DA7FBC8CA6}.Release|x86.Build.0 = Release|Win32
		{9CF863C9-B248-4499-A110-CFF9B47C4AD7}.Debug|x64.ActiveCfg = Debug|x64
		{9CF863C9-B248-4499-A110-CFF9B47C4AD7}.Debug|x64.Build.0 = Debug|x64
		{9CF863C9-B248-4499-A110-CFF9B47C4AD7}.Debug|x86.ActiveCfg = Debug|Win32
		{9CF863C9-B248-4499-A110-CFF9B47C4AD7}.Debug|x86.Build.0 = Debug|Win32
		{9CF863C9-B248-4499-A110-CFF9B47C4AD7}.Release|x64.ActiveCfg = Release|x64
		{9CF863C9-B248-4499-A110-CFF9B47C4AD7}.Release|x64.Build.0 = Release|x64
		{9CF863C9-B248-4499-A110-CFF9B47C4AD7}.Release|x86.ActiveCfg = Release|Win32
		{9CF863C9-B248-4499-A110-CFF9B47C4AD7}.Release|x86.Build.0 = Release|Win32
		{4235B56C-EA78-40F7-BCD7-BB9BB5989734}.Debug|x64.ActiveCfg = Debug|x64
		{4235B56C-EA78-40F7-BCD7-BB9BB5989734}.Debug|x64.Build.0 = Debug|x64
		{4235B56C-EA78-40F7-BCD7-BB9BB5989734}.Debug|x86.ActiveCfg = Debug|Win32
		{4235B56C-EA78-40F7-BCD7-BB9BB5989734}.Debug|x86.Build.0 = Debug|Win32
		{4235B56C-EA78-40F7-BCD7-BB9BB5989734}.Release|x64.ActiveCfg = Release|x64
		{4235B56C-EA78-40F7-BCD7-BB9BB5989734}.Release|x64.Build.0 = Release|x64
		{4235B56C-EA78-40F7-BCD7-BB9BB5989734}.Release|x86.ActiveCfg = Release|Win32
		{4235B56C-EA78-40F7-BCD7-BB9BB5989734}.Release|x86.Build.0 = Release|Win32
		{B8FA0AC2-B8AE-4939-8A78-D07A652C4AD3}.Debug|x64.ActiveCfg = Debug|x64
		{B8FA0AC2-B8AE-4939-8A78-D07A652C4AD3}.Debug|x64.Build.0 = Debug|x64
		{B8FA0AC2-B8AE-4939-8A78-D07A652C4AD3}.Debug|x86.ActiveCfg = Debug|Win32
		{B8FA0AC2-B8AE-4939-8A78-D07A652C4AD3}.Debug|x86.Build.0 = Debug|Win32
		{B8FA0AC2-B8AE-4939-8A78-D07A652C4AD3}.Release|x64.ActiveCfg = Release|x64
		{B8FA0AC2-B8AE-4939-8A78-D07A652C4AD3}.Release|x64.Build.0 = Release|x64
		{B8FA0AC2-B8AE-4939-8A78-D07A652C4AD3}.Release|x86.ActiveCfg = Release|Win32
		{B8FA0AC2-B8AE-4939-8A78-D07A652C4AD3}.Release|x86.Build.0 = Release|Win32
		{8CE6DF8E-1583-46B9-82C2-35F0434DAA54}.Debug|x64.ActiveCfg = Debug|x64
		{8CE6DF8E-1583-46B9-82C2-35F0434DAA54}.Debug|x64.Build.0 = Debug|x64
		{8CE6DF8E-1583-46B9-82C2-35F0434DAA54}.Debug|x86.ActiveCfg = Debug|Win32
		{8CE6DF8E-1583-46B9-82C2-35F0434DAA54}.Debug|x86.Build.0 = Debug|Win32
		{8CE6DF8E-1583-46B9-82C2-35F0434DAA54}.Release|x64.ActiveCfg = Release|x64
		{8CE6DF8E-1583-46B9-82C2-35F0434DAA54}.Release|x64.Build.0 = Release|x64
		{8CE6DF8E-1583-46B9-82C2-35F0434DAA54}.Release|x86.ActiveCfg = Release|Win32
		{8CE6DF8E-1583-46B9-82C2-35F0434DAA54}.Release|x86.Build.0 = Release|Win32
		{C328C934-5BAA-42D5-A8D4-4C88A0E7551A}.Debug|x64.ActiveCfg = Debug|x64
		{C328C934-5BAA-42D5-A8D4-4C88A0E7551A}.Debug|x64.Build.0 = Debug|x64
		{C328C934-5BAA-42D5-A8D4-4C88A0E7551A}.Debug|x86.ActiveCfg = Debug|Win32
		{C328C934-5BAA-42D5-A8D4-4C88A0E7551A}.Debug|x86.Build.0 = Debug|Win32
		{C328C934-5BAA-42D5-A8D4-4C88A0E7551A}.Release|x64.ActiveCfg = Release|x64
		{C328C934-5BAA-42D5-A8D4-4C88A0E7551A}.Release|x64.Build.0 = Release|x64
		{C328C934-5BAA-42D5-A8D4-4C88A0E7551A}.Release|x86.ActiveCfg = Release|Win32
		{C328C934-5BAA-42D5-A8D4-4C88A0E7551A}.Release|x86.Build.0 = Release|Win32
		{E3F3BF68-9675-428C-95E0-D4428D850136}.Debug|x64.ActiveCfg = Debug|x64
		{E3F3BF68-9675-428C-95E0-D4428D850136}.Debug|x64.Build.0 = Debug|x64
		{E3F3BF68-9675-428C-95E0-D4428D850136}.Debug|x86.ActiveCfg = Debug|Win32
		{E3F3BF68-9675-428C-95E0-D4428D850136}.Debug|x86.Build.0 = Debug|Win32
		{E3F3BF68-9675-428C-95E0-D4428D850136}.Release|x64.ActiveCfg = Release|x64
		{E3F3BF68-9675-428C-95E0-D4428D850136}.Release|x64.Build.0 = Release|x64
		{E3F3BF68-9675-428C-95E0-D4428D850136}.Release|x86.ActiveCfg = Release|Win32
		{E3F3BF68-9675-428C-95E0-D4428D850136}.Release|x86.Build.0 = Release|Win32
		{D1D2DA78-F695-4E92-92CF-C75181F4A4DC}.Debug|x64.ActiveCfg = Debug|x64
		{D1D2DA78-F695-4E92-92CF-C75181F4A4DC}.Debug|x64.Build.0 = Debug|x64
		{D1D2DA78-F695-4E92-92CF-C75181F4A4DC}.Debug|x86.ActiveCfg = Debug|Win32
		{D1D2DA78-F695-4E92-92CF-C75181F4A4DC}.Debug|x86.Build.0 = Debug|Win32
		{D1D2DA78-F695-4E92-92CF-C75181F4A4DC}.Release|x64.ActiveCfg = Release|x64
		{D1D2DA78-F695-4E92-92CF-C75181F4A4DC}.Release|x64.Build.0 = Release|x64
		{D1D2DA78-F695-4E92-92CF-C75181F4A4DC}.Release|x86.ActiveCfg = Release|Win32
		{D1D2DA78-F695-4E92-92CF-C75181F4A4DC}.Release|x86.Build.0 = Release|Win32
		{C78F4EC7-9952-47C0-BAD3-47F220ECD82E}.Debug|x64.ActiveCfg = Debug|x64
		{C78F4EC7-9952-47C0-BAD3-47F220ECD82E}.Debug|x64.Build.0 = Debug|x64
		{C78F4EC7-9952-47C0-BAD3-47F220ECD82E}.Debug|x86.ActiveCfg = Debug|Win32
		{C78F4EC7-9952-47C0-BAD3-47F220ECD82E}.Debug|x86.Build.0 = Debug|Win32
		{C78F4EC7-9952-47C0-BAD3-47F220ECD82E}.Release|x64.ActiveCfg = Release|x64
		{C78F4EC7-9952-47C0-BAD3-47F220ECD82E}.Release|x64.Build.0 = Release|x64
		{C78F4EC7-9952-47C0-BAD3-47F220ECD82E}.Release|x86.ActiveCfg = Release|Win32
		{C78F4EC7-9952-47C0-BAD3-47F220ECD82E}.Release|x86.Build.0 = Release|Win32
		{87FFF8A0-769E-4DE0-A993-FD0A29626388}.Debug|x64.ActiveCfg = Debug|x64
		{87FFF8A0-769E-4DE0-A993-FD0A29626388}.Debug|x64.Build.0 = Debug|x64
		{87FFF8A0-769E-4DE0-A993-FD0A29626388}.Debug|x86.ActiveCfg = Debug|Win32
		{87FFF8A0-769E-4DE0-A993-FD0A29626388}.Debug|x86.Build.0 = Debug|Win32
		{87FFF8A0-769E-4DE0-A993-FD0A29626388}.Release|x64.ActiveCfg = Release|x64
		{87FFF8A0-769E-4DE0-A993-FD0A29626388}.Release|x64.Build.0 = Release|x64
		{87FFF8A0-769E-4DE0-A993-FD0A29626388}.Release|x86.ActiveCfg = Release|Win32
		{87FFF8A0-769E-4DE0-A993-FD0A29626388}.Release|x86.Build.0 = Release|Win32
		{201F4185-B7E7-4011-BCA6-B68008C62260}.Debug|x64.ActiveCfg = Debug|x64
		{201F4185-B7E7-4011-BCA6-B68008C62260}.Debug|x64.Build.0 = Debug|x64
		{201F4185-B7E7-4011-BCA6-B68008C62260}.Debug|x86.ActiveCfg = Debug|Win32
		{201F4185-B7E7-4011-BCA6-B68008C62260}.Debug|x86.Build.0 = Debug|Win32
		{201F4185-B7E7-4011-BCA6-B68008C62260}.Release|x64.ActiveCfg = Release|x64
		{201F4185-B7E7-4011-BCA6-B68008C62260}.Release|x64.Build.0 = Release|x64
		{201F4185-B7E7-4011-BCA6-B68008C62260}.Release|x86.ActiveCfg = Release|Win32
		{201F4185-B7E7-4011-BCA6-B68008C62260}.Release|x86.Build.0 = Release|Win32
		{0E3740A2-B8DD-4DD2-89AE-09DBBED1A1E9}.Debug|x64.ActiveCfg = Debug|x64
		{0E3740A2-B8DD-4DD2-89AE-09DBBED1A1E9}.Debug|x64.Build.0 = Debug|x64
		{0E3740A2-B8DD-4DD2-89AE-09DBBED1A1E9}.Debug|x86.ActiveCfg = Debug|Win32
		{0E3740A2-B8DD-4DD2-89AE-09DBBED1A1E9}.Debug|x86.Build.0 = Debug|Win32
		{0E3740A2-B8DD-4DD2-89AE-09DBBED1A1E9}.Release|x64.ActiveCfg = Release|x64
		{0E3740A2-B8DD-4DD2-89AE-09DBBED1A1E9}.Release|x64.Build.0 = Release|x64
		{0E3740A2-B8DD-4DD2-89AE-09DBBED1A1E9}.Release|x86.ActiveCfg = Release|Win32
		{0E3740A2-B8DD-4DD2-89AE-09DBBED1A1E9}.Release|x86.Build.0 = Release|Win32
		{652A12AD-5429-4BF7-8B2C-DB387E1AF88C}.Debug|x64.ActiveCfg = Debug|x64
		{652A12AD-5429-4BF7-8B2C-DB387E1AF88C}.Debug|x64.Build.0 = Debug|x64
		{652A12AD-5429-4BF7-8B2C-DB387E1AF88C}.Debug|x86.ActiveCfg = Debug|Win32
		{652A12AD-5429-4BF7-8B2C-DB387E1AF88C}.Debug|x86.Build.0 = Debug|Win32
		{652A12AD-5429-4BF7-8B2C-DB387E1AF88C}.Release|x64.ActiveCfg = Release|x64
		{652A12AD-5429-4BF7-8B2C-DB387E1AF88C}.Release|x64.Build.0 = Release|x64
		{652A12AD-5429-4BF7-8B2C-DB387E1AF88C}.Release|x86.ActiveCfg = Release|Win32
		{652A12AD-5429-4BF7-8B2C-DB387E1AF88C}.Release|x86.Build.0 = Release|Win32
		{B9637DF1-8507-4D8D-9752-96057349BA75}.Debug|x64.ActiveCfg = Debug|x64
		{B9637DF1-8507-4D8D-9752-96057349BA75}.Debug|x64.Build.0 = Debug|x64
		{B9637DF1-8507-4D8D-9752-96057349BA75}.Debug|x86.ActiveCfg = Debug|Win32
		{B9637DF1-8507-4D8D-9752-96057349BA75}.Debug|x86.Build.0 = Debug|Win32
		{B9637DF1-8507-4D8D-9752-96057349BA75}.Release|x64.ActiveCfg = Release|x64
		{B9637DF1-8507-4D8D-9752-96057349BA75}.Release|x64.Build.0 = Release|x64
		{B9637DF1-8507-4D8D-9752-96057349BA75}.Release|x86.ActiveCfg = Release|Win32
		{B9637DF1-8507-4D8D-9752-96057349BA75}.Release|x86.Build.0 = Release|Win32
		{5D02A4A0-C1DF-4050-ADBE-173223A4762C}.Debug|x64.ActiveCfg = Debug|x64
		{5D02A4A0-C1DF-4050-ADBE-173223A4762C}.Debug|x64.Build.0 = Debug|x64
		{5D02A4A0-C1DF-4050-ADBE-173223A4762C}.Debug|x86.ActiveCfg = Debug|Win32
		{5D02A4A0-C1DF-4050-ADBE-173223A4762C}.Debug|x86.Build.0 = Debug|Win32
		{5D02A4A0-C1DF-4050-ADBE-173223A4762C}.Release|x64.ActiveCfg = Release|x64
		{5D02A4A0-C1DF-4050-ADBE-173223A4762C}.Release|x64.Build.0 = Release|x64
		{5D02A4A0-C1DF-4050-ADBE-173223A4762C}.Release|x86.ActiveCfg = Release|Win32
		{5D02A4A0-C1DF-4050-ADBE-173223A4762C}.Release|x86.Build.0 = Release|Win32
		{BCCDE91F-A9BA-43E4-86A4-EB791ABC10EF}.Debug|x64.ActiveCfg = Debug|x64
		{BCCDE91F-A9BA-43E4-86A4-EB791ABC10EF}.Debug|x64.Build.0 = Debug|x64
		{BCCDE91F-A9BA-43E4-86A4-EB791ABC10EF}.Debug|x86.ActiveCfg = Debug|Win32
		{BCCDE91F-A9BA-43E4-86A4-EB791ABC10EF}.Debug|x86.Build.0 = Debug|Win32
		{BCCDE91F-A9BA-43E4-86A4-EB791ABC10EF}.Release|x64.ActiveCfg = Release|x64
		{BCCDE91F-A9BA-43E4-86A4-EB791ABC10EF}.Release|x64.Build.0 = Release|x64
		{BCCDE91F-A9BA-43E4-86A4-EB791ABC10EF}.Release|x86.ActiveCfg = Release|Win32
		{BCCDE91F-A9BA-43E4-86A4-EB791ABC10EF}.Release|x86.Build.0 = Release|Win32
		{0535EB95-0FBA-4F76-8A80-1D48589A83D4}.Debug|x64.ActiveCfg = Debug|x64
		{0535EB95-0FBA-4F76-8A80-1D48589A83D4}.Debug|x64.Build.0 = Debug|x64
		{0535EB95-0FBA-4F76-8A80-1D48589A83D4}.Debug|x86.ActiveCfg = Debug|Win32
		{0535EB95-0FBA-4F76-8A80-1D48589A83D4}.Debug|x86.Build.0 = Debug|Win32
		{0535EB95-0FBA-4F76-8A80-1D48589A83D4}.Release|x64.ActiveCfg = Release|x64
		{0535EB95-0FBA-4F76-8A80-1D48589A83D4}.Release|x64.Build.0 = Release|x64
		{0535EB95-0FBA-4F76-8A80-1D48589A83D4}.Release|x86.ActiveCfg = Release|Win32
		{0535EB95-0FBA-4F76-8A80-1D48589A83D4}.Release|x86.Build.0 = Release|Win32
		{4CE3DC9E-AC65-4683-9155-AED107E6A0BB}.Debug|x64.ActiveCfg = Debug|x64
		{4CE3DC9E-AC65-4683-9155-AED107E6A0BB}.Debug|x64.Build.0 = Debug|x64
		{4CE3DC9E-AC65-4683-9155-AED107E6A0BB}.Debug|x86.ActiveCfg = Debug|Win32
		{4CE3DC9E-AC65-4683-9155-AED107E6A0BB}.Debug|x86.Build.0 = Debug|Win32
		{4CE3DC9E-AC65-4683-9155-AED107E6A0BB}.Release|x64.ActiveCfg = Release|x64
		{4CE3DC9E-AC65-4683-9155-AED107E6A0BB}.Release|x64.Build.0 = Release|x64
		{4CE3DC9E-AC65-4683-9155-AED107E6A0BB}.Release|x86.ActiveCfg = Release|Win32
		{4CE3DC9E-AC65-4683-9155-AED107E6A0BB}.Release|x86.Build.0 = Release|Win32
		{05604990-28F7-4A28-96CD-A3D2A6DB65B7}.Debug|x64.ActiveCfg = Debug|x64
		{05604990-28F7-4A28-96CD-A3D2A6DB65B7}.Debug|x64.Build.0 = Debug|x64
		{05604990-28F7-4A28-96CD-A3D2A6DB65B7}.Debug|x86.ActiveCfg = Debug|Win32
		{05604990-28F7-4A28-96CD-A3D2A6DB65B7}.Debug|x86.Build.0 = Debug|Win32
		{05604990-28F7-4A28-96CD-A3D2A6DB65B7}.Release|x64.ActiveCfg = Release|x64
		{05604990-28F7-4A28-96CD-A3D2A6DB65B7}.Release|x64.Build.0 = Release|x64
		{05604990-28F7-4A28-96CD-A3D2A6DB65B7}.Release|x86.ActiveCfg = Release|Win32
		{05604990-28F7-4A28-96CD-A3D2A6DB65B7}.Release|x86.Build.0 = Release|Win32
		{F10D3199-BF16-4ECC-822F-990E7E495453}.Debug|x64.ActiveCfg = Debug|x64
		{F10D3199-BF16-4ECC-822F-990E7E495453}.Debug|x64.Build.0 = Debug|x64
		{F10D3199-BF16-4ECC-822F-990E7E495453}.Debug|x86.ActiveCfg = Debug|Win32
		{F10D3199-BF16-4ECC-822F-990E7E495453}.Debug|x86.Build.0 = Debug|Win32
		{F10D3199-BF16-4ECC-822F-990E7E495453}.Release|x64.ActiveCfg = Release|x64
		{F10D3199-BF16-4ECC-822F-990E7E495453}.Release|x64.Build.0 = Release|x64
		{F10D3199-BF16-4ECC-822F-990E7E495453}.Release|x86.ActiveCfg = Release|Win32
		{F10D3199-BF16-4ECC-822F-990E7E495453}.Release|x86.Build.0 = Release|Win32
		{C448A602-F489-44FF-9621-AD224A8D5FD7}.Debug|x64.ActiveCfg = Debug|x64
		{C448A602-F489-44FF-9621-AD224A8D5FD7}.Debug|x64.Build.0 = Debug|x64
		{C448A602-F489-44FF-9621-AD224A8D5FD7}.Debug|x86.ActiveCfg = Debug|Win32
		{C448A602-F489-44FF-9621-AD224A8D5FD7}.Debug|x86.Build.0 = Debug|Win32
		{C448A602-F489-44FF-9621-AD224A8D5FD7}.Release|x64.ActiveCfg = Release|x64
		{C448A602-F489-44FF-9621-AD224A8D5FD7}.Release|x64.Build.0 = Release|x64
		{C448A602-F489-44FF-9621-AD224A8D5FD7}.Release|x86.ActiveCfg = Release|Win32
		{C448A602-F489-44FF-9621-AD224A8D5FD7}.Release|x86.Build.0 = Release|Win32
		{60CA04F1-3A6F-4B18-9641-6A31314027D6}.Debug|x64.ActiveCfg = Debug|x64
		{60CA04F1-3A6F-4B18-9641-6A31314027D6}.Debug|x64.Build.0 = Debug|x64
		{60CA04F1-3A6F-4B18-9641-6A31314027D6}.Debug|x86.ActiveCfg = Debug|Win32
		{60CA04F1-3A6F-4B18-9641-6A31314027D6}.Debug|x86.Build.0 = Debug|Win32
		{60CA04F1-3A6F-4B18-9641-6A31314027D6}.Release|x64.ActiveCfg = Release|x64
		{60CA04F1-3A6F-4B18-9641-6A31314027D6}.Release|x64.Build.0 = Release|x64
		{60CA04F1-3A6F-4B18-9641-6A31314027D6}.Release|x86.ActiveCfg = Release|Win32
		{60CA04F1-3A6F-4B18-9641-6A31314027D6}.Release|x86.Build.0 = Release|Win32
		{601DFC77-821E-4E09-9A98-7955DEEDD148}.Debug|x64.ActiveCfg = Debug|x64
		{601DFC77-821E-4E09-9A98-7955DEEDD148}.Debug|x64.Build.0 = Debug|x64
		{601DFC77-821E-4E09-9A98-7955DEEDD148}.Debug|x86.ActiveCfg = Debug|Win32
		{601DFC77-821E-4E09-9A98-7955DEEDD148}.Debug|x86.Build.0 = Debug|Win32
		{601DFC77-821E-4E09-9A98-7955DEEDD148}.Release|x64.ActiveCfg = Release|x64
		{601DFC77-821E-4E09-9A98-7955DEEDD148}.Release|x64.Build.0 = Release|x64
		{601DFC77-821E-4E09-9A98-7955DEEDD148}.Release|x86.ActiveCfg = Release|Win32
		{601DFC77-821E-4E09-9A98-7955DEEDD148}.Release|x86.Build.0 = Release|Win32
		{34A86037-2FE8-4C37-BC25-D106CF65EA65}.Debug|x64.ActiveCfg = Debug|x64
		{34A86037-2FE8-4C37-BC25-D106CF65EA65}.Debug|x64.Build.0 = Debug|x64
		{34A86037-2FE8-4C37-BC25-D106CF65EA65}.Debug|x86.ActiveCfg = Debug|Win32
		{34A86037-2FE8-4C37-BC25-D106CF65EA65}.Debug|x86.Build.0 = Debug|Win32
		{34A86037-2FE8-4C37-BC25-D106CF65EA65}.Release|x64.ActiveCfg = Release|x64
		{34A86037-2FE8-4C37-BC25-D106CF65EA65}.Release|x64.Build.0 = Release|x64
		{34A86037-2FE8-4C37-BC25-D106CF65EA65}.Release|x86.ActiveCfg = Release|Win32
		{34A86037-2FE8-4C37-BC25-D106CF65EA65}.Release|x86.Build.0 = Release|Win32
		{7E8F0EAF-F876-40E2-AF09-CAB9AC51B469}.Debug|x64.ActiveCfg = Debug|x64
		{7E8F0EAF-F876-40E2-AF09-CAB9AC51B469}.Debug|x64.Build.0 = Debug|x64
		{7E8F0EAF-F876-40E2-AF09-CAB9AC51B469}.Debug|x86.ActiveCfg = Debug|Win32
		{7E8F0EAF-F876-40E2-AF09-CAB9AC51B469}.Debug|x86.Build.0 = Debug|Win32
		{7E8F0EAF-F876-40E2-AF09-CAB9AC51B469}.Release|x64.ActiveCfg = Release|x64
		{7E8F0EAF-F876-40E2-AF09-CAB9AC51B469}.Release|x64.Build.0 = Release|x64
		{7E8F0EAF-F876-40E2-AF09-CAB9AC51B469}.Release|x86.ActiveCfg = Release|Win32
		{7E8F0EAF-F876-40E2-AF09-CAB9AC51B469}.Release|x86.Build.0 = Release|Win32
		{AF2116E7-C71C-4391-A14E-6FAB3D5ECF99}.Debug|x64.ActiveCfg = Debug|x64
		{AF2116E7-C71C-4391-A14E-6FAB3D5ECF99}.Debug|x64.Build.0 = Debug|x64
		{AF2116E7-C71C-4391-A14E-6FAB3D5ECF99}.Debug|x86.ActiveCfg = Debug|Win32
		{AF2116E7-C71C-4391-A14E-6FAB3D5ECF99}.Debug|x86.Build.0 = Debug|Win32
		{AF2116E7-C71C-4391-A14E-6FAB3D5ECF99}.Release|x64.ActiveCfg = Release|x64
		{AF2116E7-C71C-4391-A14E-6FAB3D5ECF99}.Release|x64.Build.0 = Release|x64
		{AF2116E7-C71C-4391-A14E-6FAB3D5ECF99}.Release|x86.ActiveCfg = Release|Win32
		{AF2116E7-C71C-4391-A14E-6FAB3D5ECF99}.Release|x86.Build.0 = Release|Win32
		{2101BE22-41AE-4EFB-B867-42D7075A26FE}.Debug|x64.ActiveCfg = Debug|x64
		{2101BE22-41AE-4EFB-B867-42D7075A26FE}.Debug|x64.Build.0 = Debug|x64
		{2101BE22-41AE-4EFB-B867-42D7075A26FE}.Debug|x86.ActiveCfg = Debug|Win32
		{2101BE22-41AE-4EFB-B867-42D7075A26FE}.Debug|x86.Build.0 = Debug|Win32
		{2101BE22-41AE-4EFB-B867-42D7075A26FE}.Release|x64.ActiveCfg = Release|x64
		{2101BE22-41AE-4EFB-B867-42D7075A26FE}.Release|x64.Build.0 = Release|x64
		{2101BE22-41AE-4EFB-B867-42D7075A26FE}.Release|x86.ActiveCfg = Release|Win32
		{2101BE22-41AE-4EFB-B867-42D7075A26FE}.Release|x86.Build.0 = Release|Win32
		{D26B2B5A-7A12-4D33-92FD-7DB84A8A6EA6}.Debug|x64.ActiveCfg = Debug|x64
		{D26B2B5A-7A12-4D33-92FD-7DB84A8A6EA6}.Debug|x64.Build.0 = Debug|x64
		{D26B2B5A-7A12-4D33-92FD-7DB84A8A6EA6}.Debug|x86.ActiveCfg = Debug|Win32
		{D26B2B5A-7A12-4D33-92FD-7DB84A8A6EA6}.Debug|x86.Build.0 = Debug|Win32
		{D26B2B5A-7A12-4D33-92FD-7DB84A8A6EA6}.Release|x64.ActiveCfg = Release|x64
		{D26B2B5A-7A12-4D33-92FD-7DB84A8A6EA6}.Release|x64.Build.0 = Release|x64
		{D26B2B5A-7A12-4D33-92FD-7DB84A8A6EA6}.Release|x86.ActiveCfg = Release|Win32
		{D26B2B5A-7A12-4D33-92FD-7DB84A8A6EA6}.Release|x86.Build.0 = Release|Win32
		{6AFDB54C-D544-4FB8-8CB1-5D3DFD33E80D}.Debug|x64.ActiveCfg = Debug|x64
		{6AFDB54C-D544-4FB8-8CB1-5D3DFD33E80D}.Debug|x64.Build.0 = Debug|x64
		{6AFDB54C-D544-4FB8-8CB1-5D3DFD33E80D}.Debug|x86.ActiveCfg = Debug|Win32
		{6AFDB54C-D544-4FB8-8CB1-5D3DFD33E80D}.Debug|x86.Build.0 = Debug|Win32
		{6AFDB54C-D544-4FB8-8CB1-5D3DFD33E80D}.Release|x64.ActiveCfg = Release|x64
		{6AFDB54C-D544-4FB8-8CB1-5D3DFD33E80D}.Release|x64.Build.0 = Release|x64
		{6AFDB54C-D544-4FB8-8CB1-5D3DFD33E80D}.Release|x86.ActiveCfg = Release|Win32
		{6AFDB54C-D544-4FB8-8CB1-5D3DFD33E80D}.Release|x86.Build.0 = Release|Win32
		{67AC898B-0732-4868-BB29-DFEABD109B64}.Debug|x64.ActiveCfg = Debug|x64
		{67AC898B-0732-4868-BB29-DFEABD109B64}.Debug|x64.Build.0 = Debug|x64
		{67AC898B-0732-4868-BB29-DFEABD109B64}.Debug|x86.ActiveCfg = Debug|Win32
		{67AC898B-0732-4868-BB29-DFEABD109B64}.Debug|x86.Build.0 = Debug|Win32
		{67AC898B-0732-4868-BB29-DFEABD109B64}.Release|x64.ActiveCfg = Release|x64
		{67AC898B-0732-4868-BB29-DFEABD109B64}.Release|x64.Build.0 = Release|x64
		{67AC898B-0732-4868-BB29-DFEABD109B64}.Release|x86.ActiveCfg = Release|Win32
		{67AC898B-0732-4868-BB29-DFEABD109B64}.Release|x86.Build.0 = Release|Win32
		{691BBDF4-A978-4EDE-9502-18FB541757A3}.Debug|x64.ActiveCfg = Debug|x64
		{691BBDF4-A978-4EDE-9502-18FB541757A3}.Debug|x64.Build.0 = Debug|x64
		{691BBDF4-A978-4EDE-9502-18FB541757A3}.Debug|x86.ActiveCfg = Debug|Win32
		{691BBDF4-A978-4EDE-9502-18FB541757A3}.Debug|x86.Build.0 = Debug|Win32
		{691BBDF4-A978-4EDE-9502-18FB541757A3}.Release|x64.ActiveCfg = Release|x64
		{691BBDF4-A978-4EDE-9502-18FB541757A3}.Release|x64.Build.0 = Release|x64
		{691BBDF4-A978-4EDE-9502-18FB541757A3}.Release|x86.ActiveCfg = Release|Win32
		{691BBDF4-A978-4EDE-9502-18FB541757A3}.Release|x86.Build.0 = Release|Win32
		{85E27D58-7455-4DCA-98E6-BEFC7CCC2D4A}.Debug|x64.ActiveCfg = Debug|x64
		{85E27D58-7455-4DCA-98E6-BEFC7CCC2D4A}.Debug|x64.Build.0 = Debug|x64
		{85E27D58-7455-4DCA-98E6-BEFC7CCC2D4A}.Debug|x86.ActiveCfg = Debug|Win32
		{85E27D58-7455-4DCA-98E6-BEFC7CCC2D4A}.Debug|x86.Build.0 = Debug|Win32
		{85E27D58-7455-4DCA-98E6-BEFC7CCC2D4A}.Release|x64.ActiveCfg = Release|x64
		{85E27D58-7455-4DCA-98E6-BEFC7CCC2D4A}.Release|x64.Build.0 = Release|x64
		{85E27D58-7455-4DCA-98E6-BEFC7CCC2D4A}.Release|x86.ActiveCfg = Release|Win32
		{85E27D58-7455-4DCA-98E6-BEFC7CCC2D4A}.Release|x86.Build.0 = Release|Win32
		{FE4B63FE-9919-4E94-B511-DD61BF36BF84}.Debug|x64.ActiveCfg = Debug|x64
		{FE4B63FE-9919-4E94-B511-DD61BF36BF84}.Debug|x64.Build.0 = Debug|x64
		{FE4B63FE-9919-4E94-B511-DD61BF36BF84}.Debug|x86.ActiveCfg = Debug|Win32
		{FE4B63FE-9919-4E94-B511-DD61BF36BF84}.Debug|x86.Build.0 = Debug|Win32
		{FE4B63FE-9919-4E94-B511-DD61BF36BF84}.Release|x64.ActiveCfg = Release|x64
		{FE4B63FE-9919-4E94-B511-DD61BF36BF84}.Release|x64.Build.0 = Release|x64
		{FE4B63FE-9919-4E94-B511-DD61BF36BF84}.Release|x86.ActiveCfg = Release|Win32
		{FE4B63FE-9919-4E94-B511-DD61BF36BF84}.Release|x86.Build.0 = Release|Win32
		{F5560D93-F582-482D-919C-156450DB807B}.Debug|x64.ActiveCfg = Debug|x64
		{F5560D93-F582-482D-919C-156450DB807B}.Debug|x64.Build.0 = Debug|x64
		{F5560D93-F582-482D-919C-156450DB807B}.Debug|x86.ActiveCfg = Debug|Win32
		{F5560D93-F582-482D-919C-156450DB807B}.Debug|x86.Build.0 = Debug|Win32
		{F5560D93-F582-482D-919C-156450DB807B}.Release|x64.ActiveCfg = Release|x64
		{F5560D93-F582-482D-919C-156450DB807B}.Release|x64.Build.0 = Release|x64
		{F5560D93-F582-482D-919C-156450DB807B}.Release|x86.ActiveCfg = Release|Win32
		{F5560D93-F582-482D-919C-156450DB807B}.Release|x86.Build.0 = Release|Win32
		{6AA3D25B-8CCC-4CDA-8250-8393D641FB43}.Debug|x64.ActiveCfg = Debug|x64
		{6AA3D25B-8CCC-4CDA-8250-8393D641FB43}.Debug|x64.Build.0 = Debug|x64
		{6AA3D25B-8CCC-4CDA-8250-8393D641FB43}.Debug|x86.ActiveCfg = Debug|Win32
		{6AA3D25B-8CCC-4CDA-8250-8393D641FB43}.Debug|x86.Build.0 = Debug|Win32
		{6AA3D25B-8CCC-4CDA-8250-8393D641FB43}.Release|x64.ActiveCfg = Release|x64
		{6AA3D25B-8CCC-4CDA-8250-8393D641FB43}.Release|x64.Build.0 = Release|x64
		{6AA3D25B-8CCC-4CDA-8250-8393D641FB43}.Release|x86.ActiveCfg = Release|Win32
		{6AA3D25B-8CCC-4CDA-8250-8393D641FB43}.Release|x86.Build.0 = Release|Win32
		{3148E726-0909-4A5A-B78F-EF9ECCA99987}.Debug|x64.ActiveCfg = Debug|x64
		{3148E726-0909-4A5A-B78F-EF9ECCA99987}.Debug|x64.Build.0 = Debug|x64
		{3148E726-0909-4A5A-B78F-EF9ECCA99987}.Debug|x86.ActiveCfg = Debug|Win32
		{3148E726-0909-4A5A-B78F-EF9ECCA99987}.Debug|x86.Build.0 = Debug|Win32
		{3148E726-0909-4A5A-B78F-EF9ECCA99987}.Release|x64.ActiveCfg = Release|x64
		{3148E726-0909-4A5A-B78F-EF9ECCA99987}.Release|x64.Build.0 = Release|x64
		{3148E726-0909-4A5A-B78F-EF9ECCA99987}.Release|x86.ActiveCfg = Release|Win32
		{3148E726-0909-4A5A-B78F-EF9ECCA99987}.Release|x86.Build.0 = Release|Win32
		{E593E10D-9033-4A86-820D-14D719ABF57E}.Debug|x64.ActiveCfg = Debug|x64
		{E593E10D-9033-4A86-820D-14D719ABF57E}.Debug|x64.Build.0 = Debug|x64
		{E593E10D-9033-4A86-820D-14D719ABF57E}.Debug|x86.ActiveCfg = Debug|Win32
		{E593E10D-9033-4A86-820D-14D719ABF57E}.Debug|x86.Build.0 = Debug|Win32
		{E593E10D-9033-4A86-820D-14D719ABF57E}.Release|x64.ActiveCfg = Release|x64
		{E593E10D-9033-4A86-820D-14D719ABF57E}.Release|x64.Build.0 = Release|x64
		{E593E10D-9033-4A86-820D-14D719ABF57E}.Release|x86.ActiveCfg = Release|Win32
		{E593E10D-9033-4A86-820D-14D719ABF57E}.Release|x86.Build.0 = Release|Win32
		{B6ACD1AE-CAA3-49E1-ACA8-F41D1B85F9FF}.Debug|x64.ActiveCfg = Debug|x64
		{B6ACD1AE-CAA3-49E1-ACA8-F41D1B85F9FF}.Debug|x64.Build.0 = Debug|x64
		{B6ACD1AE-CAA3-49E1-ACA8-F41D1B85F9FF}.Debug|x86.ActiveCfg = Debug|Win32
		{B6ACD1AE-CAA3-49E1-ACA8-F41D1B85F9FF}.Debug|x86.Build.0 = Debug|Win32
		{B6ACD1AE-CAA3-49E1-ACA8-F41D1B85F9FF}.Release|x64.ActiveCfg = Release|x64
		{B6ACD1AE-CAA3-49E1-ACA8-F41D1B85F9FF}.Release|x64.Build.0 = Release|x64
		{B6ACD1AE-CAA3-49E1-ACA8-F41D1B85F9FF}.Release|x86.ActiveCfg = Release|Win32
		{B6ACD1AE-CAA3-49E1-ACA8-F41D1B85F9FF}.Release|x86.Build.0 = Release|Win32
		{5A346AE9-5BD1-4D0B-8361-4EE7567AE68D}.Debug|x64.ActiveCfg = Debug|x64
		{5A346AE9-5BD1-4D0B-8361-4EE7567AE68D}.Debug|x64.Build.0 = Debug|x64
		{5A346AE9-5BD1-4D0B-8361-4EE7567AE68D}.Debug|x86.ActiveCfg = Debug|Win32
		{5A346AE9-5BD1-4D0B-8361-4EE7567AE68D}.Debug|x86.Build.0 = Debug|Win32
		{5A346AE9-5BD1-4D0B-8361-4EE7567AE68D}.Release|x64.ActiveCfg = Release|x64
		{5A346AE9-5BD1-4D0B-8361-4EE7567AE68D}.Release|x64.Build.0 = Release|x64
		{5A346AE9-5BD1-4D0B-8361-4EE7567AE68D}.Release|x86.ActiveCfg = Release|Win32
		{5A346AE9-5BD1-4D0B-8361-4EE7567AE68D}.Release|x86.Build.0 = Release|Win32
		{3975B9B0-D6D4-4A52-8205-541EB58C7CDD}.Debug|x64.ActiveCfg = Debug|x64
		{3975B9B0-D6D4-4A52-8205-541EB58C7CDD}.Debug|x64.Build.0 = Debug|x64
		{3975B9B0-D6D4-4A52-8205-541EB58C7CDD}.Debug|x86.ActiveCfg = Debug|Win32
		{3975B9B0-D6D4-4A52-8205-541EB58C7CDD}.Debug|x86.Build.0 = Debug|Win32
		{3975B9B0-D6D4-4A52-8205-541EB58C7CDD}.Release|x64.ActiveCfg = Release|x64
		{3975B9B0-D6D4-4A52-8205-541EB58C7CDD}.Release|x64.Build.0 = Release|x64
		{3975B9B0-D6D4-4A52-8205-541EB58C7CDD}.Release|x86.ActiveCfg = Release|Win32
		{3975B9B0-D6D4-4A52-8205-541EB58C7CDD}.Release|x86.Build.0 = Release|Win32
		{E6404F8E-FDF3-423F-AAC1-59EE301F60B1}.Debug|x64.ActiveCfg = Debug|x64
		{E6404F8E-FDF3-423F-AAC1-59EE301F60B1}.Debug|x64.Build.0 = Debug|x64
		{E6404F8E-FDF3-423F-AAC1-59EE301F60B1}.Debug|x86.ActiveCfg = Debug|Win32
		{E6404F8E-FDF3-423F-AAC1-59EE301F60B1}.Debug|x86.Build.0 = Debug|Win32
		{E6404F8E-FDF3-423F-AAC1-59EE301F60B1}.Release|x64.ActiveCfg = Release|x64
		{E6404F8E-FDF3-423F-AAC1-59EE301F60B1}.Release|x64.Build.0 = Release|x64
		{E6404F8E-FDF3-423F-AAC1-59EE301F60B1}.Release|x86.ActiveCfg = Release|Win32
		{E6404F8E-FDF3-423F-AAC1-59EE301F60B1}.Release|x86.Build.0 = Release|Win32
		{FBA927B0-7EA0-41D3-930C-C0953B0A8B3D}.Debug|x64.ActiveCfg = Debug|x64
		{FBA927B0-7EA0-41D3-930C-C0953B0A8B3D}.Debug|x64.Build.0 = Debug|x64
		{FBA927B0-7EA0-41D3-930C-C0953B0A8B3D}.Debug|x86.ActiveCfg = Debug|Win32
		{FBA927B0-7EA0-41D3-930C-C0953B0A8B3D}.Debug|x86.Build.0 = Debug|Win32
		{FBA927B0-7EA0-41D3-930C-C0953B0A8B3D}.Release|x64.ActiveCfg = Release|x64
		{FBA927B0-7EA0-41D3-930C-C0953B0A8B3D}.Release|x64.Build.0 = Release|x64
		{FBA927B0-7EA0-41D3-930C-C0953B0A8B3D}.Release|x86.ActiveCfg = Release|Win32
		{FBA927B0-7EA0-41D3-930C-C0953B0A8B3D}.Release|x86.Build.0 = Release|Win32
		{22B26721-8E75-45B2-A76D-C54C5EB10115}.Debug|x64.ActiveCfg = Debug|x64
		{22B26721-8E75-45B2-A76D-C54C5EB10115}.Debug|x64.Build.0 = Debug|x64
		{22B26721-8E75-45B2-A76D-C54C5EB10115}.Debug|x86.ActiveCfg = Debug|Win32
		{22B26721-8E75-45B2-A76D-C54C5EB10115}.Debug|x86.Build.0 = Debug|Win32
		{22B26721-8E75-45B2-A76D-C54C5EB10115}.Release|x64.ActiveCfg = Release|x64
		{22B26721-8E75-45B2-A76D-C54C5EB10115}.Release|x64.Build.0 = Release|x64
		{22B26721-8E75-45B2-A76D-C54C5EB10115}.Release|x86.ActiveCfg = Release|Win32
		{22B26721-8E75-45B2-A76D-C54C5EB10115}.Release|x86.Build.0 = Release|Win32
		{A54230FE-13E8-4179-A52A-A374C2BFA1E5}.Debug|x64.ActiveCfg = Debug|x64
		{A54230FE-13E8-4179-A52A-A374C2BFA1E5}.Debug|x64.Build.0 = Debug|x64
		{A54230FE-13E8-4179-A52A-A374C2BFA1E5}.Debug|x86.ActiveCfg = Debug|Win32
		{A54230FE-13E8-4179-A52A-A374C2BFA1E5}.Debug|x86.Build.0 = Debug|Win32
		{A54230FE-13E8-4179-A52A-A374C2BFA1E5}.Release|x64.ActiveCfg = Release|x64
		{A54230FE-13E8-4179-A52A-A374C2BFA1E5}.Release|x64.Build.0 = Release|x64
		{A54230FE-13E8-4179-A52A-A374C2BFA1E5}.Release|x86.ActiveCfg = Release|Win32
		{A54230FE-13E8-4179-A52A-A374C2BFA1E5}.Release|x86.Build.0 = Release|Win32
		{0F8F06E8-4D23-4DD4-B6E7-15526F276B20}.Debug|x64.ActiveCfg = Debug|x64
		{0F8F06E8-4D23-4DD4-B6E7-15526F276B20}.Debug|x64.Build.0 = Debug|x64
		{0F8F06E8-4D23-4DD4-B6E7-15526F276B20}.Debug|x86.ActiveCfg = Debug|Win32
		{0F8F06E8-4D23-4DD4-B6E7-15526F276B20}.Debug|x86.Build.0 = Debug|Win32
		{0F8F06E8-4D23-4DD4-B6E7-15526F276B20}.Release|x64.ActiveCfg = Release|x64
		{0F8F06E8-4D23-4DD4-B6E7-15526F276B20}.Release|x64.Build.0 = Release|x64
		{0F8F06E8-4D23-4DD4-B6E7-15526F276B20}.Release|x86.ActiveCfg = Release|Win32
		{0F8F06E8-4D23-4DD4-B6E7-15526F276B20}.Release|x86.Build.0 = Release|Win32
		{5F271DB4-F7D1-4041-838A-67F465C4652D}.Debug|x64.ActiveCfg = Debug|x64
		{5F271DB4-F7D1-4041-838A-67F465C4652D}.Debug|x64.Build.0 = Debug|x64
		{5F271DB4-F7D1-4041-838A-67F465C4652D}.Debug|x86.ActiveCfg = Debug|Win32
		{5F271DB4-F7D1-4041-838A-67F465C4652D}.Debug|x86.Build.0 = Debug|Win32
		{5F271DB4-F7D1-4041-838A-67F465C4652D}.Release|x64.ActiveCfg = Release|x64
		{5F271DB4-F7D1-4041-838A-67F465C4652D}.Release|x64.Build.0 = Release|x64
		{5F271DB4-F7D1-4041-838A-67F465C4652D}.Release|x86.ActiveCfg = Release|Win32
		{5F271DB4-F7D1-4041-838A-67F465C4652D}.Release|x86.Build.0 = Release|Win32
		{D0278F70-D60D-48CA-A9AB-1FC77F3142A6}.Debug|x64.ActiveCfg = Debug|x64
		{D0278F70-D60D-48CA-A9AB-1FC77F3142A6}.Debug|x64.Build.0 = Debug|x64
		{D0278F70-D60D-48CA-A9AB-1FC77F3142A6}.Debug|x86.ActiveCfg = Debug|Win32
		{D0278F70-D60D-48CA-A9AB-1FC77F3142A6}.Debug|x86.Build.0 = Debug|Win32
		{D0278F70-D60D-48CA-A9AB-1FC77F3142A6}.Release|x64.ActiveCfg = Release|x64
		{D0278F70-D60D-48CA-A9AB-1FC77F3142A6}.Release|x64.Build.0 = Release|x64
		{D0278F70-D60D-48CA-A9AB-1FC77F3142A6}.Release|x86.ActiveCfg = Release|Win32
		{D0278F70-D60D-48CA-A9AB-1FC77F3142A6}.Release|x86.Build.0 = Release|Win32
		{4D1C44FB-E3AE-4A62-90B8-34D5D29B2C56}.Debug|x64.ActiveCfg = Debug|x64
		{4D1C44FB-E3AE-4A62-90B8-34D5D29B2C56}.Debug|x64.Build.0 = Debug|x64
		{4D1C44FB-E3AE-4A62-90B8-34D5D29B2C56}.Debug|x86.ActiveCfg = Debug|Win32
		{4D1C44FB-E3AE-4A62-90B8-34D5D29B2C56}.Debug|x86.Build.0 = Debug|Win32
		{4D1C44FB-E3AE-4A62-90B8-34D5D29B2C56}.Release|x64.ActiveCfg = Release|x64
		{4D1C44FB-E3AE-4A62-90B8-34D5D29B2C56}.Release|x64.Build.0 = Release|x64
		{4D1C44FB-E3AE-4A62-90B8-34D5D29B2C56}.Release|x86.ActiveCfg = Release|Win32
		{4D1C44FB-E3AE-4A62-90B8-34D5D29B2C56}.Release|x86.Build.0 = Release|Win32
		{E7F92556-4B15-4EB0-B653-715E20F2C3BE}.Debug|x64.ActiveCfg = Debug|x64
		{E7F92556-4B15-4EB0-B653-715E20F2C3BE}.Debug|x64.Build.0 = Debug|x64
		{E7F92556-4B15-4EB0-B653-715E20F2C3BE}.Debug|x86.ActiveCfg = Debug|Win32
		{E7F92556-4B15-4EB0-B653-715E20F2C3BE}.Debug|x86.Build.0 = Debug|Win32
		{E7F92556-4B15-4EB0-B653-715E20F2C3BE}.Release|x64.ActiveCfg = Release|x64
		{E7F92556-4B15-4EB0-B653-715E20F2C3BE}.Release|x64.Build.0 = Release|x64
		{E7F92556-4B15-4EB0-B653-715E20F2C3BE}.Release|x86.ActiveCfg = Release|Win32
		{E7F92556-4B15-4EB0-B653-715E20F2C3BE}.Release|x86.Build.0 = Release|Win32
		{5946C85F-653B-46C5-A8CA-59626F421152}.Debug|x64.ActiveCfg = Debug|x64
		{5946C85F-653B-46C5-A8CA-59626F421152}.Debug|x64.Build.0 = Debug|x64
		{5946C85F-653B-46C5-A8CA-59626F421152}.Debug|x86.ActiveCfg = Debug|Win32
		{5946C85F-653B-46C5-A8CA-59626F421152}.Debug|x86.Build.0 = Debug|Win32
		{5946C85F-653B-46C5-A8CA-59626F421152}.Release|x64.ActiveCfg = Release|x64
		{5946C85F-653B-46C5-A8CA-59626F421152}.Release|x64.Build.0 = Release|x64
		{5946C85F-653B-46C5-A8CA-59626F421152}.Release|x86.ActiveCfg = Release|Win32
		{5946C85F-653B-46C5-A8CA-59626F421152}.Release|x86.Build.0 = Release|Win32
		{FA8C7D5F-7966-4A01-A57B-E00BD18D3F59}.Debug|x64.ActiveCfg = Debug|x64
		{FA8C7D5F-7966-4A01-A57B-E00BD18D3F59}.Debug|x64.Build.0 = Debug|x64
		{FA8C7D5F-7966-4A01-A57B-E00BD18D3F59}.Debug|x86.ActiveCfg = Debug|Win32
		{FA8C7D5F-7966-4A01-A57B-E00BD18D3F59}.Debug|x86.Build.0 = Debug|Win32
		{FA8C7D5F-7966-4A01-A57B-E00BD18D3F59}.Release|x64.ActiveCfg = Release|x64
		{FA8C7D5F-7966-4A01-A57B-E00BD18D3F59}.Release|x64.Build.0 = Release|x64
		{FA8C7D5F-7966-4A01-A57B-E00BD18D3F59}.Release|x86.ActiveCfg = Release|Win32
		{FA8C7D5F-7966-4A01-A57B-E00BD18D3F59}.Release|x86.Build.0 = Release|Win32
		{0C90EF57-C52E-42FB-9C08-C1553B7199BD}.Debug|x64.ActiveCfg = Debug|x64
		{0C90EF57-C52E-42FB-9C08-C1553B7199BD}.Debug|x64.Build.0 = Debug|x64
		{0C90EF57-C52E-42FB-9C08-C1553B7199BD}.Debug|x86.ActiveCfg = Debug|Win32
		{0C90EF57-C52E-42FB-9C08-C1553B7199BD}.Debug|x86.Build.0 = Debug|Win32
		{0C90EF57-C52E-42FB-9C08-C1553B7199BD}.Release|x64.ActiveCfg = Release|x64
		{0C90EF57-C52E-42FB-9C08-C1553B7199BD}.Release|x64.Build.0 = Release|x64
		{0C90EF57-C52E-42FB-9C08-C1553B7199BD}.Release|x86.ActiveCfg = Release|Win32
		{0C90EF57-C52E-42FB-9C08-C1553B7199BD}.Release|x86.Build.0 = Release|Win32
		{6858DAA6-9CCC-4A09-8D02-BF40E2A4B991}.Debug|x64.ActiveCfg = Debug|x64
		{6858DAA6-9CCC-4A09-8D02-BF40E2A4B991}.Debug|x64.Build.0 = Debug|x64
		{6858DAA6-9CCC-4A09-8D02-BF40E2A4B991}.Debug|x86.ActiveCfg = Debug|Win32
		{6858DAA6-9CCC-4A09-8D02-BF40E2A4B991}.Debug|x86.Build.0 = Debug|Win32
		{6858DAA6-9CCC-4A09-8D02-BF40E2A4B991}.Release|x64.ActiveCfg = Release|x64
		{6858DAA6-9CCC-4A09-8D02-BF40E2A4B991}.Release|x64.Build.0 = Release|x64
		{6858DAA6-9CCC-4A09-8D02-BF40E2A4B991}.Release|x86.ActiveCfg = Release|Win32
		{6858DAA6-9CCC-4A09-8D02-BF40E2A4B991}.Release|x86.Build.0 = Release|Win32
		{63F98401-AF4B-4CA0-B910-45D152E82C61}.Debug|x64.ActiveCfg = Debug|x64
		{63F98401-AF4B-4CA0-B910-45D152E82C61}.Debug|x64.Build.0 = Debug|x64
		{63F98401-AF4B-4CA0-B910-45D152E82C61}.Debug|x86.ActiveCfg = Debug|Win32
		{63F98401-AF4B-4CA0-B910-45D152E82C61}.Debug|x86.Build.0 = Debug|Win32
		{63F98401-AF4B-4CA0-B910-45D152E82C61}.Release|x64.ActiveCfg = Release|x64
		{63F98401-AF4B-4CA0-B910-45D152E82C61}.Release|x64.Build.0 = Release|x64
		{63F98401-AF4B-4CA0-B910-45D152E82C61}.Release|x86.ActiveCfg = Release|Win32
		{63F98401-AF4B-4CA0-B910-45D152E82C61}.Release|x86.Build.0 = Release|Win32
		{2270F982-B996-4C37-BB7C-A1A2E2A5F009}.Debug|x64.ActiveCfg = Debug|x64
		{2270F982-B996-4C37-BB7C-A1A2E2A5F009}.Debug|x64.Build.0 = Debug|x64
		{2270F982-B996-4C37-BB7C-A1A2E2A5F009}.Debug|x86.ActiveCfg = Debug|Win32
		{2270F982-B996-4C37-BB7C-A1A2E2A5F009}.Debug|x86.Build.0 = Debug|Win32
		{2270F982-B996-4C37-BB7C-A1A2E2A5F009}.Release|x64.ActiveCfg = Release|x64
		{2270F982-B996-4C37-BB7C-A1A2E2A5F009}.Release|x64.Build.0 = Release|x64
		{2270F982-B996-4C37-BB7C-A1A2E2A5F009}.Release|x86.ActiveCfg = Release|Win32
		{2270F982-B996-4C37-BB7C-A1A2E2A5F009}.Release|x86.Build.0 = Release|Win32
		{21030C64-5119-44F6-824F-797109C272E0}.Debug|x64.ActiveCfg = Debug|x64
		{21030C64-5119-44F6-824F-797109C272E0}.Debug|x64.Build.0 = Debug|x64
		{21030C64-5119-44F6-824F-797109C272E0}.Debug|x86.ActiveCfg = Debug|Win32
		{21030C64-5119-44F6-824F-797109C272E0}.Debug|x86.Build.0 = Debug|Win32
		{21030C64-5119-44F6-824F-797109C272E0}.Release|x64.ActiveCfg = Release|x64
		{21030C64-5119-44F6-824F-797109C272E0}.Release|x64.Build.0 = Release|x64
		{21030C64-5119-44F6-824F-797109C272E0}.Release|x86.ActiveCfg = Release|Win32
		{21030C64-5119-44F6-824F-797109C272E0}.Release|x86.Build.0 = Release|Win32
		{88CABDE5-30C2-4567-B21E-7F8146A205BD}.Debug|x64.ActiveCfg = Debug|x64
		{88CABDE5-30C2-4567-B21E-7F8146A205BD}.Debug|x64.Build.0 = Debug|x64
		{88CABDE5-30C2-4567-B21E-7F8146A205BD}.Debug|x86.ActiveCfg = Debug|Win32
		{88CABDE5-30C2-4567-B21E-7F8146A205BD}.Debug|x86.Build.0 = Debug|Win32
		{88CABDE5-30C2-4567-B21E-7F8146A205BD}.Release|x64.ActiveCfg = Release|x64
		{88CABDE5-30C2-4567-B21E-7F8146A205BD}.Release|x64.Build.0 = Release|x64
		{88CABDE5-30C2-4567-B21E-7F8146A205BD}.Release|x86.ActiveCfg = Release|Win32
		{88CABDE5-30C2-4567-B21E-7F8146A205BD}.Release|x86.Build.0 = Release|Win32
		{1AD51013-5DAA-4C68-8026-B66372C7AFC1}.Debug|x64.ActiveCfg = Debug|x64
		{1AD51013-5DAA-4C68-8026-B66372C7AFC1}.Debug|x64.Build.0 = Debug|x64
		{1AD51013-5DAA-4C68-8026-B66372C7AFC1}.Debug|x86.ActiveCfg = Debug|Win32
		{1AD51013-5DAA-4C68-8026-B66372C7AFC1}.Debug|x86.Build.0 = Debug|Win32
		{1AD51013-5DAA-4C68-8026-B66372C7AFC1}.Release|x64.ActiveCfg = Release|x64
		{1AD51013-5DAA-4C68-8026-B66372C7AFC1}.Release|x64.Build.0 = Release|x64
		{1AD51013-5DAA-4C68-8026-B66372C7AFC1}.Release|x86.ActiveCfg = Release|Win32
		{1AD51013-5DAA-4C68-8026-B66372C7AFC1}.Release|x86.Build.0 = Release|Win32
		{9B2924E1-7908-4EE0-A7FC-159B4B76AF3A}.Debug|x64.ActiveCfg = Debug|x64
		{9B2924E1-7908-4EE0-A7FC-159B4B76AF3A}.Debug|x64.Build.0 = Debug|x64
		{9B2924E1-7908-4EE0-A7FC-159B4B76AF3A}.Debug|x86.ActiveCfg = Debug|Win32
		{9B2924E1-7908-4EE0-A7FC-159B4B76AF3A}.Debug|x86.Build.0 = Debug|Win32
		{9B2924E1-7908-4EE0-A7FC-159B4B76AF3A}.Release|x64.ActiveCfg = Release|x64
		{9B2924E1-7908-4EE0-A7FC-159B4B76AF3A}.Release|x64.Build.0 = Release|x64
		{9B2924E1-7908-4EE0-A7FC-159B4B76AF3A}.Release|x86.ActiveCfg = Release|Win32
		{9B2924E1-7908-4EE0-A7FC-159B4B76AF3A}.Release|x86.Build.0 = Release|Win32
		{3DC2FDAC-DB66-425F-94C7-76D07D0CEBF1}.Debug|x64.ActiveCfg = Debug|x64
		{3DC2FDAC-DB66-425F-94C7-76D07D0CEBF1}.Debug|x64.Build.0 = Debug|x64
		{3DC2FDAC-DB66-425F-94C7-76D07D0CEBF1}.Debug|x86.ActiveCfg = Debug|Win32
		{3DC2FDAC-DB66-425F-94C7-76D07D0CEBF1}.Debug|x86.Build.0 = Debug|Win32
		{3DC2FDAC-DB66-425F-94C7-76D07D0CEBF1}.Release|x64.ActiveCfg = Release|x64
		{3DC2FDAC-DB66-425F-94C7-76D07D0CEBF1}.Release|x64.Build.0 = Release|x64
		{3DC2FDAC-DB66-425F-94C7-76D07D0CEBF1}.Release|x86.ActiveCfg = Release|Win32
		{3DC2FDAC-DB66-425F-94C7-76D07D0CEBF1}.Release|x86.Build.0 = Release|Win32
	EndGlobalSection
	GlobalSection(SolutionProperties) = preSolution
		HideSolutionNode = FALSE
	EndGlobalSection
	GlobalSection(ExtensibilityGlobals) = postSolution
		SolutionGuid = {B5E2D337-C9AD-4C63-ABA2-ABA449E64131}
	EndGlobalSection
EndGlobal
