
Microsoft Visual Studio Solution File, Format Version 12.00
# Visual Studio 15
VisualStudioVersion = 15.0.28010.2046
MinimumVisualStudioVersion = 10.0.40219.1
Project("{8BC9CEB8-8B4A-11D0-8D11-00A0C91BC942}") = "001_Sum_of_naturals_divisible_by_3_and_5", "001_Sum_of_naturals_divisible_by_3_and_5\001_Sum_of_naturals_divisible_by_3_and_5.vcxproj", "{3D22C4E0-F58A-497D-BCE7-B1ACCA359DF0}"
EndProject
Project("{8BC9CEB8-8B4A-11D0-8D11-00A0C91BC942}") = "002_Greatest_common_divisor", "002_Greatest_common_divisor\002_Greatest_common_divisor.vcxproj", "{BA6C361A-5984-4142-838C-D65D003A1E8D}"
EndProject
Project("{8BC9CEB8-8B4A-11D0-8D11-00A0C91BC942}") = "003_Least_common_multiple", "003_Least_common_multiple\003_Least_common_multiple.vcxproj", "{9DBE1332-7781-4C72-9AF7-42DA91C44638}"
EndProject
Project("{8BC9CEB8-8B4A-11D0-8D11-00A0C91BC942}") = "004_Largest_prime_smaller_than_given_mumber", "004_Largest_prime_smaller_than_given_mumber\004_Largest_prime_smaller_than_given_mumber.vcxproj", "{19D35DB6-5DC4-46DD-B5EA-919542BAEB47}"
EndProject
Project("{8BC9CEB8-8B4A-11D0-8D11-00A0C91BC942}") = "005_Sexy_prime_pairs", "005_Sexy_prime_pairs\005_Sexy_prime_pairs.vcxproj", "{519BF910-472C-4196-92E3-2DC337BCCDD1}"
EndProject
Project("{8BC9CEB8-8B4A-11D0-8D11-00A0C91BC942}") = "006_Abundant_numbers", "006_Abundant_numbers\006_Abundant_numbers.vcxproj", "{57A24BED-2E37-4699-B3AD-27F7D71372D4}"
EndProject
Project("{8BC9CEB8-8B4A-11D0-8D11-00A0C91BC942}") = "007_Amicable_numbers", "007_Amicable_numbers\007_Amicable_numbers.vcxproj", "{AD72664B-6899-47F6-8590-AF52ED31C225}"
EndProject
Project("{8BC9CEB8-8B4A-11D0-8D11-00A0C91BC942}") = "008_Armstrong_numbers", "008_Armstrong_numbers\008_Armstrong_numbers.vcxproj", "{6F688940-93FE-4BAA-89B3-3EE79A48868A}"
EndProject
Project("{8BC9CEB8-8B4A-11D0-8D11-00A0C91BC942}") = "009_Prime_factors_of_a_number", "009_Prime_factors_of_a_number\009_Prime_factors_of_a_number.vcxproj", "{8D2ABD18-3A62-47D4-928D-CED45E376CA9}"
EndProject
Project("{8BC9CEB8-8B4A-11D0-8D11-00A0C91BC942}") = "010_Gray_code", "010_Gray_code\010_Gray_code.vcxproj", "{08A294F2-52AA-43E9-9FE4-8061B3679FF2}"
EndProject
Project("{8BC9CEB8-8B4A-11D0-8D11-00A0C91BC942}") = "011_Converting_numerical_values_to_Roman", "011_Converting_numerical_values_to_Roman\011_Converting_numerical_values_to_Roman.vcxproj", "{6ED6458A-9568-438F-95C8-FC16F1598A2D}"
EndProject
Project("{8BC9CEB8-8B4A-11D0-8D11-00A0C91BC942}") = "012_Largest_Collatz_sequence", "012_Largest_Collatz_sequence\012_Largest_Collatz_sequence.vcxproj", "{70292789-3728-4F25-BFCD-443FA0880C16}"
EndProject
Project("{8BC9CEB8-8B4A-11D0-8D11-00A0C91BC942}") = "013_Computing_the_value_of_Pi", "013_Computing_the_value_of_Pi\013_Computing_the_value_of_Pi.vcxproj", "{795D7C83-88A6-4070-96F7-E6DA7FBC8CA6}"
EndProject
Project("{8BC9CEB8-8B4A-11D0-8D11-00A0C91BC942}") = "014_Validating_ISBNs", "014_Validating_ISBNs\014_Validating_ISBNs.vcxproj", "{9CF863C9-B248-4499-A110-CFF9B47C4AD7}"
EndProject
Project("{8BC9CEB8-8B4A-11D0-8D11-00A0C91BC942}") = "017_Creating_a_2D_array_with_basic_operations", "017_Creating_a_2D_array_with_basic_operations\017_Creating_a_2D_array_with_basic_operations.vcxproj", "{4235B56C-EA78-40F7-BCD7-BB9BB5989734}"
EndProject
Project("{8BC9CEB8-8B4A-11D0-8D11-00A0C91BC942}") = "016_Enumerating_IPv4_addresses_in_a_range", "016_Enumerating_IPv4_addresses_in_a_range\016_Enumerating_IPv4_addresses_in_a_range.vcxproj", "{B8FA0AC2-B8AE-4939-8A78-D07A652C4AD3}"
EndProject
Project("{8BC9CEB8-8B4A-11D0-8D11-00A0C91BC942}") = "018_Minimum_function_with_any_number_of_arguments", "018_Minimum_function_with_any_number_of_arguments\018_Minimum_function_with_any_number_of_arguments.vcxproj", "{8CE6DF8E-1583-46B9-82C2-35F0434DAA54}"
EndProject
Project("{8BC9CEB8-8B4A-11D0-8D11-00A0C91BC942}") = "019_Adding_a_range_of_values_to_a_container", "019_Adding_a_range_of_values_to_a_container\019_Adding_a_range_of_values_to_a_container.vcxproj", "{C328C934-5BAA-42D5-A8D4-4C88A0E7551A}"
EndProject
Project("{8BC9CEB8-8B4A-11D0-8D11-00A0C91BC942}") = "020_Container_any,_all,_none", "020_Container_any,_all,_none\020_Container_any,_all,_none.vcxproj", "{E3F3BF68-9675-428C-95E0-D4428D850136}"
EndProject
Project("{8BC9CEB8-8B4A-11D0-8D11-00A0C91BC942}") = "015_IPv4_data_type", "015_IPv4_data_type\015_IPv4_data_type.vcxproj", "{D1D2DA78-F695-4E92-92CF-C75181F4A4DC}"
EndProject
Project("{8BC9CEB8-8B4A-11D0-8D11-00A0C91BC942}") = "023_Binary_to_string_conversion", "023_Binary_to_string_conversion\023_Binary_to_string_conversion.vcxproj", "{C78F4EC7-9952-47C0-BAD3-47F220ECD82E}"
EndProject
Project("{8BC9CEB8-8B4A-11D0-8D11-00A0C91BC942}") = "024_String_to_binary_conversion", "024_String_to_binary_conversion\024_String_to_binary_conversion.vcxproj", "{87FFF8A0-769E-4DE0-A993-FD0A29626388}"
EndProject
Project("{8BC9CEB8-8B4A-11D0-8D11-00A0C91BC942}") = "025_Capitalizing_an_article_title", "025_Capitalizing_an_article_title\025_Capitalizing_an_article_title.vcxproj", "{201F4185-B7E7-4011-BCA6-B68008C62260}"
EndProject
Project("{8BC9CEB8-8B4A-11D0-8D11-00A0C91BC942}") = "026_Joining_strings_together_separated_by_a_delimiter", "026_Joining_strings_together_separated_by_a_delimiter\026_Joining_strings_together_separated_by_a_delimiter.vcxproj", "{0E3740A2-B8DD-4DD2-89AE-09DBBED1A1E9}"
EndProject
Project("{8BC9CEB8-8B4A-11D0-8D11-00A0C91BC942}") = "029_License_plate_validation", "029_License_plate_validation\029_License_plate_validation.vcxproj", "{652A12AD-5429-4BF7-8B2C-DB387E1AF88C}"
EndProject
Project("{8BC9CEB8-8B4A-11D0-8D11-00A0C91BC942}") = "027_Splitting_a_string_into_tokens", "027_Splitting_a_string_into_tokens\027_Splitting_a_string_into_tokens.vcxproj", "{B9637DF1-8507-4D8D-9752-96057349BA75}"
EndProject
Project("{8BC9CEB8-8B4A-11D0-8D11-00A0C91BC942}") = "028_Longest_palindromic_substring", "028_Longest_palindromic_substring\028_Longest_palindromic_substring.vcxproj", "{5D02A4A0-C1DF-4050-ADBE-173223A4762C}"
EndProject
Project("{8BC9CEB8-8B4A-11D0-8D11-00A0C91BC942}") = "030_Extracting_URL_parts", "030_Extracting_URL_parts\030_Extracting_URL_parts.vcxproj", "{BCCDE91F-A9BA-43E4-86A4-EB791ABC10EF}"
EndProject
Project("{8BC9CEB8-8B4A-11D0-8D11-00A0C91BC942}") = "031_Transforming_dates_in_strings", "031_Transforming_dates_in_strings\031_Transforming_dates_in_strings.vcxproj", "{0535EB95-0FBA-4F76-8A80-1D48589A83D4}"
EndProject
Project("{8BC9CEB8-8B4A-11D0-8D11-00A0C91BC942}") = "022_Literals_of_various_temperature", "022_Literals_of_various_temperature\022_Literals_of_various_temperature.vcxproj", "{4CE3DC9E-AC65-4683-9155-AED107E6A0BB}"
EndProject
Project("{8BC9CEB8-8B4A-11D0-8D11-00A0C91BC942}") = "021_System_handle_wrapper", "021_System_handle_wrapper\021_System_handle_wrapper.vcxproj", "{05604990-28F7-4A28-96CD-A3D2A6DB65B7}"
EndProject
Global
	GlobalSection(SolutionConfigurationPlatforms) = preSolution
		Debug|x64 = Debug|x64
		Debug|x86 = Debug|x86
		Release|x64 = Release|x64
		Release|x86 = Release|x86
	EndGlobalSection
	GlobalSection(ProjectConfigurationPlatforms) = postSolution
		{3D22C4E0-F58A-497D-BCE7-B1ACCA359DF0}.Debug|x64.ActiveCfg = Debug|x64
		{3D22C4E0-F58A-497D-BCE7-B1ACCA359DF0}.Debug|x64.Build.0 = Debug|x64
		{3D22C4E0-F58A-497D-BCE7-B1ACCA359DF0}.Debug|x86.ActiveCfg = Debug|Win32
		{3D22C4E0-F58A-497D-BCE7-B1ACCA359DF0}.Debug|x86.Build.0 = Debug|Win32
		{3D22C4E0-F58A-497D-BCE7-B1ACCA359DF0}.Release|x64.ActiveCfg = Release|x64
		{3D22C4E0-F58A-497D-BCE7-B1ACCA359DF0}.Release|x64.Build.0 = Release|x64
		{3D22C4E0-F58A-497D-BCE7-B1ACCA359DF0}.Release|x86.ActiveCfg = Release|Win32
		{3D22C4E0-F58A-497D-BCE7-B1ACCA359DF0}.Release|x86.Build.0 = Release|Win32
		{BA6C361A-5984-4142-838C-D65D003A1E8D}.Debug|x64.ActiveCfg = Debug|x64
		{BA6C361A-5984-4142-838C-D65D003A1E8D}.Debug|x64.Build.0 = Debug|x64
		{BA6C361A-5984-4142-838C-D65D003A1E8D}.Debug|x86.ActiveCfg = Debug|Win32
		{BA6C361A-5984-4142-838C-D65D003A1E8D}.Debug|x86.Build.0 = Debug|Win32
		{BA6C361A-5984-4142-838C-D65D003A1E8D}.Release|x64.ActiveCfg = Release|x64
		{BA6C361A-5984-4142-838C-D65D003A1E8D}.Release|x64.Build.0 = Release|x64
		{BA6C361A-5984-4142-838C-D65D003A1E8D}.Release|x86.ActiveCfg = Release|Win32
		{BA6C361A-5984-4142-838C-D65D003A1E8D}.Release|x86.Build.0 = Release|Win32
		{9DBE1332-7781-4C72-9AF7-42DA91C44638}.Debug|x64.ActiveCfg = Debug|x64
		{9DBE1332-7781-4C72-9AF7-42DA91C44638}.Debug|x64.Build.0 = Debug|x64
		{9DBE1332-7781-4C72-9AF7-42DA91C44638}.Debug|x86.ActiveCfg = Debug|Win32
		{9DBE1332-7781-4C72-9AF7-42DA91C44638}.Debug|x86.Build.0 = Debug|Win32
		{9DBE1332-7781-4C72-9AF7-42DA91C44638}.Release|x64.ActiveCfg = Release|x64
		{9DBE1332-7781-4C72-9AF7-42DA91C44638}.Release|x64.Build.0 = Release|x64
		{9DBE1332-7781-4C72-9AF7-42DA91C44638}.Release|x86.ActiveCfg = Release|Win32
		{9DBE1332-7781-4C72-9AF7-42DA91C44638}.Release|x86.Build.0 = Release|Win32
		{19D35DB6-5DC4-46DD-B5EA-919542BAEB47}.Debug|x64.ActiveCfg = Debug|x64
		{19D35DB6-5DC4-46DD-B5EA-919542BAEB47}.Debug|x64.Build.0 = Debug|x64
		{19D35DB6-5DC4-46DD-B5EA-919542BAEB47}.Debug|x86.ActiveCfg = Debug|Win32
		{19D35DB6-5DC4-46DD-B5EA-919542BAEB47}.Debug|x86.Build.0 = Debug|Win32
		{19D35DB6-5DC4-46DD-B5EA-919542BAEB47}.Release|x64.ActiveCfg = Release|x64
		{19D35DB6-5DC4-46DD-B5EA-919542BAEB47}.Release|x64.Build.0 = Release|x64
		{19D35DB6-5DC4-46DD-B5EA-919542BAEB47}.Release|x86.ActiveCfg = Release|Win32
		{19D35DB6-5DC4-46DD-B5EA-919542BAEB47}.Release|x86.Build.0 = Release|Win32
		{519BF910-472C-4196-92E3-2DC337BCCDD1}.Debug|x64.ActiveCfg = Debug|x64
		{519BF910-472C-4196-92E3-2DC337BCCDD1}.Debug|x64.Build.0 = Debug|x64
		{519BF910-472C-4196-92E3-2DC337BCCDD1}.Debug|x86.ActiveCfg = Debug|Win32
		{519BF910-472C-4196-92E3-2DC337BCCDD1}.Debug|x86.Build.0 = Debug|Win32
		{519BF910-472C-4196-92E3-2DC337BCCDD1}.Release|x64.ActiveCfg = Release|x64
		{519BF910-472C-4196-92E3-2DC337BCCDD1}.Release|x64.Build.0 = Release|x64
		{519BF910-472C-4196-92E3-2DC337BCCDD1}.Release|x86.ActiveCfg = Release|Win32
		{519BF910-472C-4196-92E3-2DC337BCCDD1}.Release|x86.Build.0 = Release|Win32
		{57A24BED-2E37-4699-B3AD-27F7D71372D4}.Debug|x64.ActiveCfg = Debug|x64
		{57A24BED-2E37-4699-B3AD-27F7D71372D4}.Debug|x64.Build.0 = Debug|x64
		{57A24BED-2E37-4699-B3AD-27F7D71372D4}.Debug|x86.ActiveCfg = Debug|Win32
		{57A24BED-2E37-4699-B3AD-27F7D71372D4}.Debug|x86.Build.0 = Debug|Win32
		{57A24BED-2E37-4699-B3AD-27F7D71372D4}.Release|x64.ActiveCfg = Release|x64
		{57A24BED-2E37-4699-B3AD-27F7D71372D4}.Release|x64.Build.0 = Release|x64
		{57A24BED-2E37-4699-B3AD-27F7D71372D4}.Release|x86.ActiveCfg = Release|Win32
		{57A24BED-2E37-4699-B3AD-27F7D71372D4}.Release|x86.Build.0 = Release|Win32
		{AD72664B-6899-47F6-8590-AF52ED31C225}.Debug|x64.ActiveCfg = Debug|x64
		{AD72664B-6899-47F6-8590-AF52ED31C225}.Debug|x64.Build.0 = Debug|x64
		{AD72664B-6899-47F6-8590-AF52ED31C225}.Debug|x86.ActiveCfg = Debug|Win32
		{AD72664B-6899-47F6-8590-AF52ED31C225}.Debug|x86.Build.0 = Debug|Win32
		{AD72664B-6899-47F6-8590-AF52ED31C225}.Release|x64.ActiveCfg = Release|x64
		{AD72664B-6899-47F6-8590-AF52ED31C225}.Release|x64.Build.0 = Release|x64
		{AD72664B-6899-47F6-8590-AF52ED31C225}.Release|x86.ActiveCfg = Release|Win32
		{AD72664B-6899-47F6-8590-AF52ED31C225}.Release|x86.Build.0 = Release|Win32
		{6F688940-93FE-4BAA-89B3-3EE79A48868A}.Debug|x64.ActiveCfg = Debug|x64
		{6F688940-93FE-4BAA-89B3-3EE79A48868A}.Debug|x64.Build.0 = Debug|x64
		{6F688940-93FE-4BAA-89B3-3EE79A48868A}.Debug|x86.ActiveCfg = Debug|Win32
		{6F688940-93FE-4BAA-89B3-3EE79A48868A}.Debug|x86.Build.0 = Debug|Win32
		{6F688940-93FE-4BAA-89B3-3EE79A48868A}.Release|x64.ActiveCfg = Release|x64
		{6F688940-93FE-4BAA-89B3-3EE79A48868A}.Release|x64.Build.0 = Release|x64
		{6F688940-93FE-4BAA-89B3-3EE79A48868A}.Release|x86.ActiveCfg = Release|Win32
		{6F688940-93FE-4BAA-89B3-3EE79A48868A}.Release|x86.Build.0 = Release|Win32
		{8D2ABD18-3A62-47D4-928D-CED45E376CA9}.Debug|x64.ActiveCfg = Debug|x64
		{8D2ABD18-3A62-47D4-928D-CED45E376CA9}.Debug|x64.Build.0 = Debug|x64
		{8D2ABD18-3A62-47D4-928D-CED45E376CA9}.Debug|x86.ActiveCfg = Debug|Win32
		{8D2ABD18-3A62-47D4-928D-CED45E376CA9}.Debug|x86.Build.0 = Debug|Win32
		{8D2ABD18-3A62-47D4-928D-CED45E376CA9}.Release|x64.ActiveCfg = Release|x64
		{8D2ABD18-3A62-47D4-928D-CED45E376CA9}.Release|x64.Build.0 = Release|x64
		{8D2ABD18-3A62-47D4-928D-CED45E376CA9}.Release|x86.ActiveCfg = Release|Win32
		{8D2ABD18-3A62-47D4-928D-CED45E376CA9}.Release|x86.Build.0 = Release|Win32
		{08A294F2-52AA-43E9-9FE4-8061B3679FF2}.Debug|x64.ActiveCfg = Debug|x64
		{08A294F2-52AA-43E9-9FE4-8061B3679FF2}.Debug|x64.Build.0 = Debug|x64
		{08A294F2-52AA-43E9-9FE4-8061B3679FF2}.Debug|x86.ActiveCfg = Debug|Win32
		{08A294F2-52AA-43E9-9FE4-8061B3679FF2}.Debug|x86.Build.0 = Debug|Win32
		{08A294F2-52AA-43E9-9FE4-8061B3679FF2}.Release|x64.ActiveCfg = Release|x64
		{08A294F2-52AA-43E9-9FE4-8061B3679FF2}.Release|x64.Build.0 = Release|x64
		{08A294F2-52AA-43E9-9FE4-8061B3679FF2}.Release|x86.ActiveCfg = Release|Win32
		{08A294F2-52AA-43E9-9FE4-8061B3679FF2}.Release|x86.Build.0 = Release|Win32
		{6ED6458A-9568-438F-95C8-FC16F1598A2D}.Debug|x64.ActiveCfg = Debug|x64
		{6ED6458A-9568-438F-95C8-FC16F1598A2D}.Debug|x64.Build.0 = Debug|x64
		{6ED6458A-9568-438F-95C8-FC16F1598A2D}.Debug|x86.ActiveCfg = Debug|Win32
		{6ED6458A-9568-438F-95C8-FC16F1598A2D}.Debug|x86.Build.0 = Debug|Win32
		{6ED6458A-9568-438F-95C8-FC16F1598A2D}.Release|x64.ActiveCfg = Release|x64
		{6ED6458A-9568-438F-95C8-FC16F1598A2D}.Release|x64.Build.0 = Release|x64
		{6ED6458A-9568-438F-95C8-FC16F1598A2D}.Release|x86.ActiveCfg = Release|Win32
		{6ED6458A-9568-438F-95C8-FC16F1598A2D}.Release|x86.Build.0 = Release|Win32
		{70292789-3728-4F25-BFCD-443FA0880C16}.Debug|x64.ActiveCfg = Debug|x64
		{70292789-3728-4F25-BFCD-443FA0880C16}.Debug|x64.Build.0 = Debug|x64
		{70292789-3728-4F25-BFCD-443FA0880C16}.Debug|x86.ActiveCfg = Debug|Win32
		{70292789-3728-4F25-BFCD-443FA0880C16}.Debug|x86.Build.0 = Debug|Win32
		{70292789-3728-4F25-BFCD-443FA0880C16}.Release|x64.ActiveCfg = Release|x64
		{70292789-3728-4F25-BFCD-443FA0880C16}.Release|x64.Build.0 = Release|x64
		{70292789-3728-4F25-BFCD-443FA0880C16}.Release|x86.ActiveCfg = Release|Win32
		{70292789-3728-4F25-BFCD-443FA0880C16}.Release|x86.Build.0 = Release|Win32
		{795D7C83-88A6-4070-96F7-E6DA7FBC8CA6}.Debug|x64.ActiveCfg = Debug|x64
		{795D7C83-88A6-4070-96F7-E6DA7FBC8CA6}.Debug|x64.Build.0 = Debug|x64
		{795D7C83-88A6-4070-96F7-E6DA7FBC8CA6}.Debug|x86.ActiveCfg = Debug|Win32
		{795D7C83-88A6-4070-96F7-E6DA7FBC8CA6}.Debug|x86.Build.0 = Debug|Win32
		{795D7C83-88A6-4070-96F7-E6DA7FBC8CA6}.Release|x64.ActiveCfg = Release|x64
		{795D7C83-88A6-4070-96F7-E6DA7FBC8CA6}.Release|x64.Build.0 = Release|x64
		{795D7C83-88A6-4070-96F7-E6DA7FBC8CA6}.Release|x86.ActiveCfg = Release|Win32
		{795D7C83-88A6-4070-96F7-E6DA7FBC8CA6}.Release|x86.Build.0 = Release|Win32
		{9CF863C9-B248-4499-A110-CFF9B47C4AD7}.Debug|x64.ActiveCfg = Debug|x64
		{9CF863C9-B248-4499-A110-CFF9B47C4AD7}.Debug|x64.Build.0 = Debug|x64
		{9CF863C9-B248-4499-A110-CFF9B47C4AD7}.Debug|x86.ActiveCfg = Debug|Win32
		{9CF863C9-B248-4499-A110-CFF9B47C4AD7}.Debug|x86.Build.0 = Debug|Win32
		{9CF863C9-B248-4499-A110-CFF9B47C4AD7}.Release|x64.ActiveCfg = Release|x64
		{9CF863C9-B248-4499-A110-CFF9B47C4AD7}.Release|x64.Build.0 = Release|x64
		{9CF863C9-B248-4499-A110-CFF9B47C4AD7}.Release|x86.ActiveCfg = Release|Win32
		{9CF863C9-B248-4499-A110-CFF9B47C4AD7}.Release|x86.Build.0 = Release|Win32
		{4235B56C-EA78-40F7-BCD7-BB9BB5989734}.Debug|x64.ActiveCfg = Debug|x64
		{4235B56C-EA78-40F7-BCD7-BB9BB5989734}.Debug|x64.Build.0 = Debug|x64
		{4235B56C-EA78-40F7-BCD7-BB9BB5989734}.Debug|x86.ActiveCfg = Debug|Win32
		{4235B56C-EA78-40F7-BCD7-BB9BB5989734}.Debug|x86.Build.0 = Debug|Win32
		{4235B56C-EA78-40F7-BCD7-BB9BB5989734}.Release|x64.ActiveCfg = Release|x64
		{4235B56C-EA78-40F7-BCD7-BB9BB5989734}.Release|x64.Build.0 = Release|x64
		{4235B56C-EA78-40F7-BCD7-BB9BB5989734}.Release|x86.ActiveCfg = Release|Win32
		{4235B56C-EA78-40F7-BCD7-BB9BB5989734}.Release|x86.Build.0 = Release|Win32
		{B8FA0AC2-B8AE-4939-8A78-D07A652C4AD3}.Debug|x64.ActiveCfg = Debug|x64
		{B8FA0AC2-B8AE-4939-8A78-D07A652C4AD3}.Debug|x64.Build.0 = Debug|x64
		{B8FA0AC2-B8AE-4939-8A78-D07A652C4AD3}.Debug|x86.ActiveCfg = Debug|Win32
		{B8FA0AC2-B8AE-4939-8A78-D07A652C4AD3}.Debug|x86.Build.0 = Debug|Win32
		{B8FA0AC2-B8AE-4939-8A78-D07A652C4AD3}.Release|x64.ActiveCfg = Release|x64
		{B8FA0AC2-B8AE-4939-8A78-D07A652C4AD3}.Release|x64.Build.0 = Release|x64
		{B8FA0AC2-B8AE-4939-8A78-D07A652C4AD3}.Release|x86.ActiveCfg = Release|Win32
		{B8FA0AC2-B8AE-4939-8A78-D07A652C4AD3}.Release|x86.Build.0 = Release|Win32
		{8CE6DF8E-1583-46B9-82C2-35F0434DAA54}.Debug|x64.ActiveCfg = Debug|x64
		{8CE6DF8E-1583-46B9-82C2-35F0434DAA54}.Debug|x64.Build.0 = Debug|x64
		{8CE6DF8E-1583-46B9-82C2-35F0434DAA54}.Debug|x86.ActiveCfg = Debug|Win32
		{8CE6DF8E-1583-46B9-82C2-35F0434DAA54}.Debug|x86.Build.0 = Debug|Win32
		{8CE6DF8E-1583-46B9-82C2-35F0434DAA54}.Release|x64.ActiveCfg = Release|x64
		{8CE6DF8E-1583-46B9-82C2-35F0434DAA54}.Release|x64.Build.0 = Release|x64
		{8CE6DF8E-1583-46B9-82C2-35F0434DAA54}.Release|x86.ActiveCfg = Release|Win32
		{8CE6DF8E-1583-46B9-82C2-35F0434DAA54}.Release|x86.Build.0 = Release|Win32
		{C328C934-5BAA-42D5-A8D4-4C88A0E7551A}.Debug|x64.ActiveCfg = Debug|x64
		{C328C934-5BAA-42D5-A8D4-4C88A0E7551A}.Debug|x64.Build.0 = Debug|x64
		{C328C934-5BAA-42D5-A8D4-4C88A0E7551A}.Debug|x86.ActiveCfg = Debug|Win32
		{C328C934-5BAA-42D5-A8D4-4C88A0E7551A}.Debug|x86.Build.0 = Debug|Win32
		{C328C934-5BAA-42D5-A8D4-4C88A0E7551A}.Release|x64.ActiveCfg = Release|x64
		{C328C934-5BAA-42D5-A8D4-4C88A0E7551A}.Release|x64.Build.0 = Release|x64
		{C328C934-5BAA-42D5-A8D4-4C88A0E7551A}.Release|x86.ActiveCfg = Release|Win32
		{C328C934-5BAA-42D5-A8D4-4C88A0E7551A}.Release|x86.Build.0 = Release|Win32
		{E3F3BF68-9675-428C-95E0-D4428D850136}.Debug|x64.ActiveCfg = Debug|x64
		{E3F3BF68-9675-428C-95E0-D4428D850136}.Debug|x64.Build.0 = Debug|x64
		{E3F3BF68-9675-428C-95E0-D4428D850136}.Debug|x86.ActiveCfg = Debug|Win32
		{E3F3BF68-9675-428C-95E0-D4428D850136}.Debug|x86.Build.0 = Debug|Win32
		{E3F3BF68-9675-428C-95E0-D4428D850136}.Release|x64.ActiveCfg = Release|x64
		{E3F3BF68-9675-428C-95E0-D4428D850136}.Release|x64.Build.0 = Release|x64
		{E3F3BF68-9675-428C-95E0-D4428D850136}.Release|x86.ActiveCfg = Release|Win32
		{E3F3BF68-9675-428C-95E0-D4428D850136}.Release|x86.Build.0 = Release|Win32
		{D1D2DA78-F695-4E92-92CF-C75181F4A4DC}.Debug|x64.ActiveCfg = Debug|x64
		{D1D2DA78-F695-4E92-92CF-C75181F4A4DC}.Debug|x64.Build.0 = Debug|x64
		{D1D2DA78-F695-4E92-92CF-C75181F4A4DC}.Debug|x86.ActiveCfg = Debug|Win32
		{D1D2DA78-F695-4E92-92CF-C75181F4A4DC}.Debug|x86.Build.0 = Debug|Win32
		{D1D2DA78-F695-4E92-92CF-C75181F4A4DC}.Release|x64.ActiveCfg = Release|x64
		{D1D2DA78-F695-4E92-92CF-C75181F4A4DC}.Release|x64.Build.0 = Release|x64
		{D1D2DA78-F695-4E92-92CF-C75181F4A4DC}.Release|x86.ActiveCfg = Release|Win32
		{D1D2DA78-F695-4E92-92CF-C75181F4A4DC}.Release|x86.Build.0 = Release|Win32
		{C78F4EC7-9952-47C0-BAD3-47F220ECD82E}.Debug|x64.ActiveCfg = Debug|x64
		{C78F4EC7-9952-47C0-BAD3-47F220ECD82E}.Debug|x64.Build.0 = Debug|x64
		{C78F4EC7-9952-47C0-BAD3-47F220ECD82E}.Debug|x86.ActiveCfg = Debug|Win32
		{C78F4EC7-9952-47C0-BAD3-47F220ECD82E}.Debug|x86.Build.0 = Debug|Win32
		{C78F4EC7-9952-47C0-BAD3-47F220ECD82E}.Release|x64.ActiveCfg = Release|x64
		{C78F4EC7-9952-47C0-BAD3-47F220ECD82E}.Release|x64.Build.0 = Release|x64
		{C78F4EC7-9952-47C0-BAD3-47F220ECD82E}.Release|x86.ActiveCfg = Release|Win32
		{C78F4EC7-9952-47C0-BAD3-47F220ECD82E}.Release|x86.Build.0 = Release|Win32
		{87FFF8A0-769E-4DE0-A993-FD0A29626388}.Debug|x64.ActiveCfg = Debug|x64
		{87FFF8A0-769E-4DE0-A993-FD0A29626388}.Debug|x64.Build.0 = Debug|x64
		{87FFF8A0-769E-4DE0-A993-FD0A29626388}.Debug|x86.ActiveCfg = Debug|Win32
		{87FFF8A0-769E-4DE0-A993-FD0A29626388}.Debug|x86.Build.0 = Debug|Win32
		{87FFF8A0-769E-4DE0-A993-FD0A29626388}.Release|x64.ActiveCfg = Release|x64
		{87FFF8A0-769E-4DE0-A993-FD0A29626388}.Release|x64.Build.0 = Release|x64
		{87FFF8A0-769E-4DE0-A993-FD0A29626388}.Release|x86.ActiveCfg = Release|Win32
		{87FFF8A0-769E-4DE0-A993-FD0A29626388}.Release|x86.Build.0 = Release|Win32
		{201F4185-B7E7-4011-BCA6-B68008C62260}.Debug|x64.ActiveCfg = Debug|x64
		{201F4185-B7E7-4011-BCA6-B68008C62260}.Debug|x64.Build.0 = Debug|x64
		{201F4185-B7E7-4011-BCA6-B68008C62260}.Debug|x86.ActiveCfg = Debug|Win32
		{201F4185-B7E7-4011-BCA6-B68008C62260}.Debug|x86.Build.0 = Debug|Win32
		{201F4185-B7E7-4011-BCA6-B68008C62260}.Release|x64.ActiveCfg = Release|x64
		{201F4185-B7E7-4011-BCA6-B68008C62260}.Release|x64.Build.0 = Release|x64
		{201F4185-B7E7-4011-BCA6-B68008C62260}.Release|x86.ActiveCfg = Release|Win32
		{201F4185-B7E7-4011-BCA6-B68008C62260}.Release|x86.Build.0 = Release|Win32
		{0E3740A2-B8DD-4DD2-89AE-09DBBED1A1E9}.Debug|x64.ActiveCfg = Debug|x64
		{0E3740A2-B8DD-4DD2-89AE-09DBBED1A1E9}.Debug|x64.Build.0 = Debug|x64
		{0E3740A2-B8DD-4DD2-89AE-09DBBED1A1E9}.Debug|x86.ActiveCfg = Debug|Win32
		{0E3740A2-B8DD-4DD2-89AE-09DBBED1A1E9}.Debug|x86.Build.0 = Debug|Win32
		{0E3740A2-B8DD-4DD2-89AE-09DBBED1A1E9}.Release|x64.ActiveCfg = Release|x64
		{0E3740A2-B8DD-4DD2-89AE-09DBBED1A1E9}.Release|x64.Build.0 = Release|x64
		{0E3740A2-B8DD-4DD2-89AE-09DBBED1A1E9}.Release|x86.ActiveCfg = Release|Win32
		{0E3740A2-B8DD-4DD2-89AE-09DBBED1A1E9}.Release|x86.Build.0 = Release|Win32
		{652A12AD-5429-4BF7-8B2C-DB387E1AF88C}.Debug|x64.ActiveCfg = Debug|x64
		{652A12AD-5429-4BF7-8B2C-DB387E1AF88C}.Debug|x64.Build.0 = Debug|x64
		{652A12AD-5429-4BF7-8B2C-DB387E1AF88C}.Debug|x86.ActiveCfg = Debug|Win32
		{652A12AD-5429-4BF7-8B2C-DB387E1AF88C}.Debug|x86.Build.0 = Debug|Win32
		{652A12AD-5429-4BF7-8B2C-DB387E1AF88C}.Release|x64.ActiveCfg = Release|x64
		{652A12AD-5429-4BF7-8B2C-DB387E1AF88C}.Release|x64.Build.0 = Release|x64
		{652A12AD-5429-4BF7-8B2C-DB387E1AF88C}.Release|x86.ActiveCfg = Release|Win32
		{652A12AD-5429-4BF7-8B2C-DB387E1AF88C}.Release|x86.Build.0 = Release|Win32
		{B9637DF1-8507-4D8D-9752-96057349BA75}.Debug|x64.ActiveCfg = Debug|x64
		{B9637DF1-8507-4D8D-9752-96057349BA75}.Debug|x64.Build.0 = Debug|x64
		{B9637DF1-8507-4D8D-9752-96057349BA75}.Debug|x86.ActiveCfg = Debug|Win32
		{B9637DF1-8507-4D8D-9752-96057349BA75}.Debug|x86.Build.0 = Debug|Win32
		{B9637DF1-8507-4D8D-9752-96057349BA75}.Release|x64.ActiveCfg = Release|x64
		{B9637DF1-8507-4D8D-9752-96057349BA75}.Release|x64.Build.0 = Release|x64
		{B9637DF1-8507-4D8D-9752-96057349BA75}.Release|x86.ActiveCfg = Release|Win32
		{B9637DF1-8507-4D8D-9752-96057349BA75}.Release|x86.Build.0 = Release|Win32
		{5D02A4A0-C1DF-4050-ADBE-173223A4762C}.Debug|x64.ActiveCfg = Debug|x64
		{5D02A4A0-C1DF-4050-ADBE-173223A4762C}.Debug|x64.Build.0 = Debug|x64
		{5D02A4A0-C1DF-4050-ADBE-173223A4762C}.Debug|x86.ActiveCfg = Debug|Win32
		{5D02A4A0-C1DF-4050-ADBE-173223A4762C}.Debug|x86.Build.0 = Debug|Win32
		{5D02A4A0-C1DF-4050-ADBE-173223A4762C}.Release|x64.ActiveCfg = Release|x64
		{5D02A4A0-C1DF-4050-ADBE-173223A4762C}.Release|x64.Build.0 = Release|x64
		{5D02A4A0-C1DF-4050-ADBE-173223A4762C}.Release|x86.ActiveCfg = Release|Win32
		{5D02A4A0-C1DF-4050-ADBE-173223A4762C}.Release|x86.Build.0 = Release|Win32
		{BCCDE91F-A9BA-43E4-86A4-EB791ABC10EF}.Debug|x64.ActiveCfg = Debug|x64
		{BCCDE91F-A9BA-43E4-86A4-EB791ABC10EF}.Debug|x64.Build.0 = Debug|x64
		{BCCDE91F-A9BA-43E4-86A4-EB791ABC10EF}.Debug|x86.ActiveCfg = Debug|Win32
		{BCCDE91F-A9BA-43E4-86A4-EB791ABC10EF}.Debug|x86.Build.0 = Debug|Win32
		{BCCDE91F-A9BA-43E4-86A4-EB791ABC10EF}.Release|x64.ActiveCfg = Release|x64
		{BCCDE91F-A9BA-43E4-86A4-EB791ABC10EF}.Release|x64.Build.0 = Release|x64
		{BCCDE91F-A9BA-43E4-86A4-EB791ABC10EF}.Release|x86.ActiveCfg = Release|Win32
		{BCCDE91F-A9BA-43E4-86A4-EB791ABC10EF}.Release|x86.Build.0 = Release|Win32
		{0535EB95-0FBA-4F76-8A80-1D48589A83D4}.Debug|x64.ActiveCfg = Debug|x64
		{0535EB95-0FBA-4F76-8A80-1D48589A83D4}.Debug|x64.Build.0 = Debug|x64
		{0535EB95-0FBA-4F76-8A80-1D48589A83D4}.Debug|x86.ActiveCfg = Debug|Win32
		{0535EB95-0FBA-4F76-8A80-1D48589A83D4}.Debug|x86.Build.0 = Debug|Win32
		{0535EB95-0FBA-4F76-8A80-1D48589A83D4}.Release|x64.ActiveCfg = Release|x64
		{0535EB95-0FBA-4F76-8A80-1D48589A83D4}.Release|x64.Build.0 = Release|x64
		{0535EB95-0FBA-4F76-8A80-1D48589A83D4}.Release|x86.ActiveCfg = Release|Win32
		{0535EB95-0FBA-4F76-8A80-1D48589A83D4}.Release|x86.Build.0 = Release|Win32
		{4CE3DC9E-AC65-4683-9155-AED107E6A0BB}.Debug|x64.ActiveCfg = Debug|x64
		{4CE3DC9E-AC65-4683-9155-AED107E6A0BB}.Debug|x64.Build.0 = Debug|x64
		{4CE3DC9E-AC65-4683-9155-AED107E6A0BB}.Debug|x86.ActiveCfg = Debug|Win32
		{4CE3DC9E-AC65-4683-9155-AED107E6A0BB}.Debug|x86.Build.0 = Debug|Win32
		{4CE3DC9E-AC65-4683-9155-AED107E6A0BB}.Release|x64.ActiveCfg = Release|x64
		{4CE3DC9E-AC65-4683-9155-AED107E6A0BB}.Release|x64.Build.0 = Release|x64
		{4CE3DC9E-AC65-4683-9155-AED107E6A0BB}.Release|x86.ActiveCfg = Release|Win32
		{4CE3DC9E-AC65-4683-9155-AED107E6A0BB}.Release|x86.Build.0 = Release|Win32
		{05604990-28F7-4A28-96CD-A3D2A6DB65B7}.Debug|x64.ActiveCfg = Debug|x64
		{05604990-28F7-4A28-96CD-A3D2A6DB65B7}.Debug|x64.Build.0 = Debug|x64
		{05604990-28F7-4A28-96CD-A3D2A6DB65B7}.Debug|x86.ActiveCfg = Debug|Win32
		{05604990-28F7-4A28-96CD-A3D2A6DB65B7}.Debug|x86.Build.0 = Debug|Win32
		{05604990-28F7-4A28-96CD-A3D2A6DB65B7}.Release|x64.ActiveCfg = Release|x64
		{05604990-28F7-4A28-96CD-A3D2A6DB65B7}.Release|x64.Build.0 = Release|x64
		{05604990-28F7-4A28-96CD-A3D2A6DB65B7}.Release|x86.ActiveCfg = Release|Win32
		{05604990-28F7-4A28-96CD-A3D2A6DB65B7}.Release|x86.Build.0 = Release|Win32
	EndGlobalSection
	GlobalSection(SolutionProperties) = preSolution
		HideSolutionNode = FALSE
	EndGlobalSection
	GlobalSection(ExtensibilityGlobals) = postSolution
		SolutionGuid = {B5E2D337-C9AD-4C63-ABA2-ABA449E64131}
	EndGlobalSection
EndGlobal
